// !$*UTF8*$!
{
	archiveVersion = 1;
	classes = {
	};
	objectVersion = 54;
	objects = {

/* Begin PBXBuildFile section */
		02D6580EB706409594DFA63E /* CabinetGrotesk-Thin.otf in Resources */ = {isa = PBXBuildFile; fileRef = DD13D7D562F34D72A876210C /* CabinetGrotesk-Thin.otf */; };
		07FCBC1401E44028872E947F /* Montserrat-VariableItalic.ttf in Resources */ = {isa = PBXBuildFile; fileRef = 2699B8D6ACB0488187D8AD91 /* Montserrat-VariableItalic.ttf */; };
		0808CF9ECC22BBC1AA402644 /* PrivacyInfo.xcprivacy in Resources */ = {isa = PBXBuildFile; fileRef = AD1545CE23E1233B6EA33986 /* PrivacyInfo.xcprivacy */; };
		0B69CC2076324CDFBEEAEE09 /* CabinetGrotesk-Variable.ttf in Resources */ = {isa = PBXBuildFile; fileRef = BDC88DE7779744B4960836C7 /* CabinetGrotesk-Variable.ttf */; };
		13B07FBF1A68108700A75B9A /* Images.xcassets in Resources */ = {isa = PBXBuildFile; fileRef = 13B07FB51A68108700A75B9A /* Images.xcassets */; };
		152630A411F347DDBA2F0552 /* Montserrat-SemiBoldItalic.otf in Resources */ = {isa = PBXBuildFile; fileRef = 388DB66C4C0D49F3A6811542 /* Montserrat-SemiBoldItalic.otf */; };
		1836F86E80A940F68A72CCA1 /* Manrope-Medium.otf in Resources */ = {isa = PBXBuildFile; fileRef = E14937D7B10C43A08A241043 /* Manrope-Medium.otf */; };
		1EB004A5A6A54BF4BF3A4071 /* CabinetGrotesk-Extrabold.otf in Resources */ = {isa = PBXBuildFile; fileRef = 02FDF972A5FF4618A1010A89 /* CabinetGrotesk-Extrabold.otf */; };
		25393897F4B643FF9F31741D /* Montserrat-Italic.otf in Resources */ = {isa = PBXBuildFile; fileRef = 9917EA1558CA470787D09C26 /* Montserrat-Italic.otf */; };
		28A5C9CF011544909431E92E /* Manrope-Light.otf in Resources */ = {isa = PBXBuildFile; fileRef = 5084940D36E443AEA07042FE /* Manrope-Light.otf */; };
		28DEA458C184490491F1ADB2 /* Montserrat-Light.otf in Resources */ = {isa = PBXBuildFile; fileRef = 54732A29BC124F6CAB762B76 /* Montserrat-Light.otf */; };
		2FDE2D66D86F4AD692291502 /* Montserrat-ExtraBold.otf in Resources */ = {isa = PBXBuildFile; fileRef = 865E2AE8E16E4410A230445E /* Montserrat-ExtraBold.otf */; };
		3CA7EF6F515D4CF1B5A2F884 /* Montserrat-ExtraLight.otf in Resources */ = {isa = PBXBuildFile; fileRef = 08FC86295B2646AFAF445DBF /* Montserrat-ExtraLight.otf */; };
		3E461D99554A48A4959DE609 /* SplashScreen.storyboard in Resources */ = {isa = PBXBuildFile; fileRef = AA286B85B6C04FC6940260E9 /* SplashScreen.storyboard */; };
		4D741112DB3947BD811E8D8E /* CabinetGrotesk-Light.otf in Resources */ = {isa = PBXBuildFile; fileRef = AFB7F9BAE5644FEF88194FCC /* CabinetGrotesk-Light.otf */; };
		57E0AD7E8ABB497E912BCE23 /* Manrope-Bold.otf in Resources */ = {isa = PBXBuildFile; fileRef = 2FF0A33C81E14B52B09FC3E3 /* Manrope-Bold.otf */; };
		5F70F74A97084F76A38B67D8 /* Montserrat-Regular.otf in Resources */ = {isa = PBXBuildFile; fileRef = 212FA210D2B84CD5B03B9F8F /* Montserrat-Regular.otf */; };
		61DED3A6E39543E4AD98F069 /* Montserrat-MediumItalic.otf in Resources */ = {isa = PBXBuildFile; fileRef = 16B6394163CF4B21A82DBB7B /* Montserrat-MediumItalic.otf */; };
		62E4D67A40BF4B4C832F9F1A /* CabinetGrotesk-Regular.otf in Resources */ = {isa = PBXBuildFile; fileRef = EDDEC96B26644CB2A281BBFB /* CabinetGrotesk-Regular.otf */; };
		649E0DD251BA449DB0E34425 /* Manrope-Regular.otf in Resources */ = {isa = PBXBuildFile; fileRef = 46F0AEEC1A0D4EF7A93CCA56 /* Manrope-Regular.otf */; };
		6BC84411C10041079254C037 /* Montserrat-ThinItalic.otf in Resources */ = {isa = PBXBuildFile; fileRef = 6B2356E99BCA44339AC3760F /* Montserrat-ThinItalic.otf */; };
		6C71337E1867B70C1B415993 /* libPods-NEWSWORLD.a in Frameworks */ = {isa = PBXBuildFile; fileRef = CDE303584D995745CF3B0CBE /* libPods-NEWSWORLD.a */; };
		79DA82E1977F4152A077BD76 /* Montserrat-Bold.otf in Resources */ = {isa = PBXBuildFile; fileRef = 7144D95F845647948DD80BD3 /* Montserrat-Bold.otf */; };
		95EBC3FEBF694F4081E5F33A /* Montserrat-Thin.otf in Resources */ = {isa = PBXBuildFile; fileRef = 1288DC78EFF74B8EB781D9E8 /* Montserrat-Thin.otf */; };
		9D19A7ECA7734C908E57FC79 /* Montserrat-SemiBold.otf in Resources */ = {isa = PBXBuildFile; fileRef = F3295911108D487A8FFDA9BD /* Montserrat-SemiBold.otf */; };
		9F7AAC2B62464BCE98793C06 /* Montserrat-BlackItalic.otf in Resources */ = {isa = PBXBuildFile; fileRef = 213B227FDD2D4996A2C9F6CB /* Montserrat-BlackItalic.otf */; };
		A2A8B8D77CDB4830A971D084 /* Montserrat-LightItalic.otf in Resources */ = {isa = PBXBuildFile; fileRef = 3FCB2C5846F14FB5BDAD16E0 /* Montserrat-LightItalic.otf */; };
		AF555A416EAA4C0FAD0ACE16 /* CabinetGrotesk-Extralight.otf in Resources */ = {isa = PBXBuildFile; fileRef = 44D4AB9B277A4339982CE021 /* CabinetGrotesk-Extralight.otf */; };
		B02D2B60F4EB4ADA903325D5 /* Montserrat-Black.otf in Resources */ = {isa = PBXBuildFile; fileRef = 2D2BAD03475940A98193F06E /* Montserrat-Black.otf */; };
		B8CF904AD9574485BB1C3ABD /* Manrope-SemiBold.otf in Resources */ = {isa = PBXBuildFile; fileRef = 4B5B8EEAE32048F5BC52DA46 /* Manrope-SemiBold.otf */; };
		BB2F792D24A3F905000567C9 /* Expo.plist in Resources */ = {isa = PBXBuildFile; fileRef = BB2F792C24A3F905000567C9 /* Expo.plist */; };
		BFC624D67B5C4E0AADB4BF88 /* Montserrat-BoldItalic.otf in Resources */ = {isa = PBXBuildFile; fileRef = D08924C9ED49417C9CB457B9 /* Montserrat-BoldItalic.otf */; };
		D2AB6BC8BF8B40138A33708E /* CabinetGrotesk-Black.otf in Resources */ = {isa = PBXBuildFile; fileRef = F5114BAF41C84D1AA7F4E4FC /* CabinetGrotesk-Black.otf */; };
		D96CEA893C51546D04C79304 /* ExpoModulesProvider.swift in Sources */ = {isa = PBXBuildFile; fileRef = C49C52EE1505E3032327C28B /* ExpoModulesProvider.swift */; };
		DB369B14AE45475BA5DC2E7C /* CabinetGrotesk-Medium.otf in Resources */ = {isa = PBXBuildFile; fileRef = CEAADB1D671E4CEAA413EE08 /* CabinetGrotesk-Medium.otf */; };
		DF0773E52E2743D08899CA7B /* Montserrat-Variable.ttf in Resources */ = {isa = PBXBuildFile; fileRef = FADE64C273714D929B254D14 /* Montserrat-Variable.ttf */; };
		E135810ECB5647BC86A844E8 /* Manrope-ExtraBold.otf in Resources */ = {isa = PBXBuildFile; fileRef = 85485030333A4FAFAD54CF35 /* Manrope-ExtraBold.otf */; };
		E957E90C2B3D49B1A39F9705 /* Montserrat-ExtraLightItalic.otf in Resources */ = {isa = PBXBuildFile; fileRef = 13E90E832F874DF0ABAF77E7 /* Montserrat-ExtraLightItalic.otf */; };
		EC781EA32BE147B788FE9185 /* Montserrat-ExtraBoldItalic.otf in Resources */ = {isa = PBXBuildFile; fileRef = F94CAD01E29E49A987BA2342 /* Montserrat-ExtraBoldItalic.otf */; };
		F0B5260994634B5A9DC1FE31 /* Montserrat-Medium.otf in Resources */ = {isa = PBXBuildFile; fileRef = A14FCD169A314D8DAD14B584 /* Montserrat-Medium.otf */; };
		F11748422D0307B40044C1D9 /* AppDelegate.swift in Sources */ = {isa = PBXBuildFile; fileRef = F11748412D0307B40044C1D9 /* AppDelegate.swift */; };
		F31BB520A9A741E89E3575F5 /* CabinetGrotesk-Bold.otf in Resources */ = {isa = PBXBuildFile; fileRef = E394EEA590BC45CCA940AAA5 /* CabinetGrotesk-Bold.otf */; };
		F55515D81F294E53BFCEE9B4 /* Manrope-Extralight.otf in Resources */ = {isa = PBXBuildFile; fileRef = 90734953153D417788EAB729 /* Manrope-Extralight.otf */; };
		XXB25450E55156A8C27B05XX /* notificationservice.appex in Embed Foundation Extensions */ = {isa = PBXBuildFile; fileRef = XXE5595D4E7D81EEEC4655XX /* notificationservice.appex */; settings = {ATTRIBUTES = (RemoveHeadersOnCopy, ); }; };
/* End PBXBuildFile section */

/* Begin PBXContainerItemProxy section */
		XX54CAF70F58D3356E2B19XX /* PBXContainerItemProxy */ = {
			isa = PBXContainerItemProxy;
			containerPortal = 83CBB9F71A601CBA00E9B192 /* Project object */;
			proxyType = 1;
			remoteGlobalIDString = XX008CFB9636BD3A271068XX;
			remoteInfo = notificationservice;
		};
/* End PBXContainerItemProxy section */

/* Begin PBXCopyFilesBuildPhase section */
		XX72A8CFBF0FBA13A79902XX /* Embed Foundation Extensions */ = {
			isa = PBXCopyFilesBuildPhase;
			buildActionMask = 2147483647;
			dstPath = "";
			dstSubfolderSpec = 13;
			files = (
				XXB25450E55156A8C27B05XX /* notificationservice.appex in Embed Foundation Extensions */,
			);
			name = "Embed Foundation Extensions";
			runOnlyForDeploymentPostprocessing = 0;
		};
/* End PBXCopyFilesBuildPhase section */

/* Begin PBXFileReference section */
		02FDF972A5FF4618A1010A89 /* CabinetGrotesk-Extrabold.otf */ = {isa = PBXFileReference; explicitFileType = undefined; fileEncoding = undefined; includeInIndex = 0; lastKnownFileType = unknown; name = "CabinetGrotesk-Extrabold.otf"; path = "../assets/fonts/CabinetGrotesk-Extrabold.otf"; sourceTree = "<group>"; };
		08FC86295B2646AFAF445DBF /* Montserrat-ExtraLight.otf */ = {isa = PBXFileReference; explicitFileType = undefined; fileEncoding = undefined; includeInIndex = 0; lastKnownFileType = unknown; name = "Montserrat-ExtraLight.otf"; path = "../assets/fonts/Montserrat-ExtraLight.otf"; sourceTree = "<group>"; };
		1288DC78EFF74B8EB781D9E8 /* Montserrat-Thin.otf */ = {isa = PBXFileReference; explicitFileType = undefined; fileEncoding = undefined; includeInIndex = 0; lastKnownFileType = unknown; name = "Montserrat-Thin.otf"; path = "../assets/fonts/Montserrat-Thin.otf"; sourceTree = "<group>"; };
		13B07F961A680F5B00A75B9A /* NEWSWORLD.app */ = {isa = PBXFileReference; explicitFileType = wrapper.application; fileEncoding = 4; includeInIndex = 0; path = NEWSWORLD.app; sourceTree = BUILT_PRODUCTS_DIR; };
		13B07FB51A68108700A75B9A /* Images.xcassets */ = {isa = PBXFileReference; fileEncoding = 4; includeInIndex = 0; lastKnownFileType = folder.assetcatalog; name = Images.xcassets; path = NEWSWORLD/Images.xcassets; sourceTree = "<group>"; };
		13B07FB61A68108700A75B9A /* Info.plist */ = {isa = PBXFileReference; fileEncoding = 4; includeInIndex = 0; lastKnownFileType = text.plist.xml; name = Info.plist; path = NEWSWORLD/Info.plist; sourceTree = "<group>"; };
		13E90E832F874DF0ABAF77E7 /* Montserrat-ExtraLightItalic.otf */ = {isa = PBXFileReference; explicitFileType = undefined; fileEncoding = undefined; includeInIndex = 0; lastKnownFileType = unknown; name = "Montserrat-ExtraLightItalic.otf"; path = "../assets/fonts/Montserrat-ExtraLightItalic.otf"; sourceTree = "<group>"; };
		16B6394163CF4B21A82DBB7B /* Montserrat-MediumItalic.otf */ = {isa = PBXFileReference; explicitFileType = undefined; fileEncoding = undefined; includeInIndex = 0; lastKnownFileType = unknown; name = "Montserrat-MediumItalic.otf"; path = "../assets/fonts/Montserrat-MediumItalic.otf"; sourceTree = "<group>"; };
		212FA210D2B84CD5B03B9F8F /* Montserrat-Regular.otf */ = {isa = PBXFileReference; explicitFileType = undefined; fileEncoding = undefined; includeInIndex = 0; lastKnownFileType = unknown; name = "Montserrat-Regular.otf"; path = "../assets/fonts/Montserrat-Regular.otf"; sourceTree = "<group>"; };
		213B227FDD2D4996A2C9F6CB /* Montserrat-BlackItalic.otf */ = {isa = PBXFileReference; explicitFileType = undefined; fileEncoding = undefined; includeInIndex = 0; lastKnownFileType = unknown; name = "Montserrat-BlackItalic.otf"; path = "../assets/fonts/Montserrat-BlackItalic.otf"; sourceTree = "<group>"; };
		2699B8D6ACB0488187D8AD91 /* Montserrat-VariableItalic.ttf */ = {isa = PBXFileReference; explicitFileType = undefined; fileEncoding = undefined; includeInIndex = 0; lastKnownFileType = unknown; name = "Montserrat-VariableItalic.ttf"; path = "../assets/fonts/Montserrat-VariableItalic.ttf"; sourceTree = "<group>"; };
		2D2BAD03475940A98193F06E /* Montserrat-Black.otf */ = {isa = PBXFileReference; explicitFileType = undefined; fileEncoding = undefined; includeInIndex = 0; lastKnownFileType = unknown; name = "Montserrat-Black.otf"; path = "../assets/fonts/Montserrat-Black.otf"; sourceTree = "<group>"; };
		2FF0A33C81E14B52B09FC3E3 /* Manrope-Bold.otf */ = {isa = PBXFileReference; explicitFileType = undefined; fileEncoding = undefined; includeInIndex = 0; lastKnownFileType = unknown; name = "Manrope-Bold.otf"; path = "../assets/fonts/Manrope-Bold.otf"; sourceTree = "<group>"; };
		388DB66C4C0D49F3A6811542 /* Montserrat-SemiBoldItalic.otf */ = {isa = PBXFileReference; explicitFileType = undefined; fileEncoding = undefined; includeInIndex = 0; lastKnownFileType = unknown; name = "Montserrat-SemiBoldItalic.otf"; path = "../assets/fonts/Montserrat-SemiBoldItalic.otf"; sourceTree = "<group>"; };
		3FCB2C5846F14FB5BDAD16E0 /* Montserrat-LightItalic.otf */ = {isa = PBXFileReference; explicitFileType = undefined; fileEncoding = undefined; includeInIndex = 0; lastKnownFileType = unknown; name = "Montserrat-LightItalic.otf"; path = "../assets/fonts/Montserrat-LightItalic.otf"; sourceTree = "<group>"; };
		44D4AB9B277A4339982CE021 /* CabinetGrotesk-Extralight.otf */ = {isa = PBXFileReference; explicitFileType = undefined; fileEncoding = undefined; includeInIndex = 0; lastKnownFileType = unknown; name = "CabinetGrotesk-Extralight.otf"; path = "../assets/fonts/CabinetGrotesk-Extralight.otf"; sourceTree = "<group>"; };
		46F0AEEC1A0D4EF7A93CCA56 /* Manrope-Regular.otf */ = {isa = PBXFileReference; explicitFileType = undefined; fileEncoding = undefined; includeInIndex = 0; lastKnownFileType = unknown; name = "Manrope-Regular.otf"; path = "../assets/fonts/Manrope-Regular.otf"; sourceTree = "<group>"; };
		4B5B8EEAE32048F5BC52DA46 /* Manrope-SemiBold.otf */ = {isa = PBXFileReference; explicitFileType = undefined; fileEncoding = undefined; includeInIndex = 0; lastKnownFileType = unknown; name = "Manrope-SemiBold.otf"; path = "../assets/fonts/Manrope-SemiBold.otf"; sourceTree = "<group>"; };
		5084940D36E443AEA07042FE /* Manrope-Light.otf */ = {isa = PBXFileReference; explicitFileType = undefined; fileEncoding = undefined; includeInIndex = 0; lastKnownFileType = unknown; name = "Manrope-Light.otf"; path = "../assets/fonts/Manrope-Light.otf"; sourceTree = "<group>"; };
		54732A29BC124F6CAB762B76 /* Montserrat-Light.otf */ = {isa = PBXFileReference; explicitFileType = undefined; fileEncoding = undefined; includeInIndex = 0; lastKnownFileType = unknown; name = "Montserrat-Light.otf"; path = "../assets/fonts/Montserrat-Light.otf"; sourceTree = "<group>"; };
		6B2356E99BCA44339AC3760F /* Montserrat-ThinItalic.otf */ = {isa = PBXFileReference; explicitFileType = undefined; fileEncoding = undefined; includeInIndex = 0; lastKnownFileType = unknown; name = "Montserrat-ThinItalic.otf"; path = "../assets/fonts/Montserrat-ThinItalic.otf"; sourceTree = "<group>"; };
		7144D95F845647948DD80BD3 /* Montserrat-Bold.otf */ = {isa = PBXFileReference; explicitFileType = undefined; fileEncoding = undefined; includeInIndex = 0; lastKnownFileType = unknown; name = "Montserrat-Bold.otf"; path = "../assets/fonts/Montserrat-Bold.otf"; sourceTree = "<group>"; };
		722FD1C596D8B237E724EFB6 /* Pods-NEWSWORLD.debug.xcconfig */ = {isa = PBXFileReference; includeInIndex = 1; lastKnownFileType = text.xcconfig; name = "Pods-NEWSWORLD.debug.xcconfig"; path = "Target Support Files/Pods-NEWSWORLD/Pods-NEWSWORLD.debug.xcconfig"; sourceTree = "<group>"; };
		85485030333A4FAFAD54CF35 /* Manrope-ExtraBold.otf */ = {isa = PBXFileReference; explicitFileType = undefined; fileEncoding = undefined; includeInIndex = 0; lastKnownFileType = unknown; name = "Manrope-ExtraBold.otf"; path = "../assets/fonts/Manrope-ExtraBold.otf"; sourceTree = "<group>"; };
		865E2AE8E16E4410A230445E /* Montserrat-ExtraBold.otf */ = {isa = PBXFileReference; explicitFileType = undefined; fileEncoding = undefined; includeInIndex = 0; lastKnownFileType = unknown; name = "Montserrat-ExtraBold.otf"; path = "../assets/fonts/Montserrat-ExtraBold.otf"; sourceTree = "<group>"; };
		90734953153D417788EAB729 /* Manrope-Extralight.otf */ = {isa = PBXFileReference; explicitFileType = undefined; fileEncoding = undefined; includeInIndex = 0; lastKnownFileType = unknown; name = "Manrope-Extralight.otf"; path = "../assets/fonts/Manrope-Extralight.otf"; sourceTree = "<group>"; };
		9917EA1558CA470787D09C26 /* Montserrat-Italic.otf */ = {isa = PBXFileReference; explicitFileType = undefined; fileEncoding = undefined; includeInIndex = 0; lastKnownFileType = unknown; name = "Montserrat-Italic.otf"; path = "../assets/fonts/Montserrat-Italic.otf"; sourceTree = "<group>"; };
		A14FCD169A314D8DAD14B584 /* Montserrat-Medium.otf */ = {isa = PBXFileReference; explicitFileType = undefined; fileEncoding = undefined; includeInIndex = 0; lastKnownFileType = unknown; name = "Montserrat-Medium.otf"; path = "../assets/fonts/Montserrat-Medium.otf"; sourceTree = "<group>"; };
		AA286B85B6C04FC6940260E9 /* SplashScreen.storyboard */ = {isa = PBXFileReference; fileEncoding = 4; includeInIndex = 0; lastKnownFileType = file.storyboard; name = SplashScreen.storyboard; path = NEWSWORLD/SplashScreen.storyboard; sourceTree = "<group>"; };
		AD1545CE23E1233B6EA33986 /* PrivacyInfo.xcprivacy */ = {isa = PBXFileReference; includeInIndex = 1; name = PrivacyInfo.xcprivacy; path = NEWSWORLD/PrivacyInfo.xcprivacy; sourceTree = "<group>"; };
		AFB7F9BAE5644FEF88194FCC /* CabinetGrotesk-Light.otf */ = {isa = PBXFileReference; explicitFileType = undefined; fileEncoding = undefined; includeInIndex = 0; lastKnownFileType = unknown; name = "CabinetGrotesk-Light.otf"; path = "../assets/fonts/CabinetGrotesk-Light.otf"; sourceTree = "<group>"; };
		B491BECEF1428F6D6ECB5106 /* Pods-NEWSWORLD.release.xcconfig */ = {isa = PBXFileReference; includeInIndex = 1; lastKnownFileType = text.xcconfig; name = "Pods-NEWSWORLD.release.xcconfig"; path = "Target Support Files/Pods-NEWSWORLD/Pods-NEWSWORLD.release.xcconfig"; sourceTree = "<group>"; };
		BB2F792C24A3F905000567C9 /* Expo.plist */ = {isa = PBXFileReference; fileEncoding = 4; includeInIndex = 0; lastKnownFileType = text.plist.xml; path = Expo.plist; sourceTree = "<group>"; };
		BDC88DE7779744B4960836C7 /* CabinetGrotesk-Variable.ttf */ = {isa = PBXFileReference; explicitFileType = undefined; fileEncoding = undefined; includeInIndex = 0; lastKnownFileType = unknown; name = "CabinetGrotesk-Variable.ttf"; path = "../assets/fonts/CabinetGrotesk-Variable.ttf"; sourceTree = "<group>"; };
		C49C52EE1505E3032327C28B /* ExpoModulesProvider.swift */ = {isa = PBXFileReference; includeInIndex = 1; lastKnownFileType = sourcecode.swift; name = ExpoModulesProvider.swift; path = "Pods/Target Support Files/Pods-NEWSWORLD/ExpoModulesProvider.swift"; sourceTree = "<group>"; };
		CDE303584D995745CF3B0CBE /* libPods-NEWSWORLD.a */ = {isa = PBXFileReference; explicitFileType = archive.ar; includeInIndex = 0; path = "libPods-NEWSWORLD.a"; sourceTree = BUILT_PRODUCTS_DIR; };
		CEAADB1D671E4CEAA413EE08 /* CabinetGrotesk-Medium.otf */ = {isa = PBXFileReference; explicitFileType = undefined; fileEncoding = undefined; includeInIndex = 0; lastKnownFileType = unknown; name = "CabinetGrotesk-Medium.otf"; path = "../assets/fonts/CabinetGrotesk-Medium.otf"; sourceTree = "<group>"; };
		D08924C9ED49417C9CB457B9 /* Montserrat-BoldItalic.otf */ = {isa = PBXFileReference; explicitFileType = undefined; fileEncoding = undefined; includeInIndex = 0; lastKnownFileType = unknown; name = "Montserrat-BoldItalic.otf"; path = "../assets/fonts/Montserrat-BoldItalic.otf"; sourceTree = "<group>"; };
		DD13D7D562F34D72A876210C /* CabinetGrotesk-Thin.otf */ = {isa = PBXFileReference; explicitFileType = undefined; fileEncoding = undefined; includeInIndex = 0; lastKnownFileType = unknown; name = "CabinetGrotesk-Thin.otf"; path = "../assets/fonts/CabinetGrotesk-Thin.otf"; sourceTree = "<group>"; };
		E14937D7B10C43A08A241043 /* Manrope-Medium.otf */ = {isa = PBXFileReference; explicitFileType = undefined; fileEncoding = undefined; includeInIndex = 0; lastKnownFileType = unknown; name = "Manrope-Medium.otf"; path = "../assets/fonts/Manrope-Medium.otf"; sourceTree = "<group>"; };
		E394EEA590BC45CCA940AAA5 /* CabinetGrotesk-Bold.otf */ = {isa = PBXFileReference; explicitFileType = undefined; fileEncoding = undefined; includeInIndex = 0; lastKnownFileType = unknown; name = "CabinetGrotesk-Bold.otf"; path = "../assets/fonts/CabinetGrotesk-Bold.otf"; sourceTree = "<group>"; };
		ED297162215061F000B7C4FE /* JavaScriptCore.framework */ = {isa = PBXFileReference; fileEncoding = 4; includeInIndex = undefined; lastKnownFileType = wrapper.framework; name = JavaScriptCore.framework; path = System/Library/Frameworks/JavaScriptCore.framework; sourceTree = SDKROOT; };
		EDDEC96B26644CB2A281BBFB /* CabinetGrotesk-Regular.otf */ = {isa = PBXFileReference; explicitFileType = undefined; fileEncoding = undefined; includeInIndex = 0; lastKnownFileType = unknown; name = "CabinetGrotesk-Regular.otf"; path = "../assets/fonts/CabinetGrotesk-Regular.otf"; sourceTree = "<group>"; };
		F11748412D0307B40044C1D9 /* AppDelegate.swift */ = {isa = PBXFileReference; fileEncoding = 4; includeInIndex = 0; lastKnownFileType = sourcecode.swift; name = AppDelegate.swift; path = NEWSWORLD/AppDelegate.swift; sourceTree = "<group>"; };
		F11748442D0722820044C1D9 /* NEWSWORLD-Bridging-Header.h */ = {isa = PBXFileReference; fileEncoding = 4; includeInIndex = 0; lastKnownFileType = sourcecode.c.h; name = "NEWSWORLD-Bridging-Header.h"; path = "NEWSWORLD/NEWSWORLD-Bridging-Header.h"; sourceTree = "<group>"; };
		F3295911108D487A8FFDA9BD /* Montserrat-SemiBold.otf */ = {isa = PBXFileReference; explicitFileType = undefined; fileEncoding = undefined; includeInIndex = 0; lastKnownFileType = unknown; name = "Montserrat-SemiBold.otf"; path = "../assets/fonts/Montserrat-SemiBold.otf"; sourceTree = "<group>"; };
		F5114BAF41C84D1AA7F4E4FC /* CabinetGrotesk-Black.otf */ = {isa = PBXFileReference; explicitFileType = undefined; fileEncoding = undefined; includeInIndex = 0; lastKnownFileType = unknown; name = "CabinetGrotesk-Black.otf"; path = "../assets/fonts/CabinetGrotesk-Black.otf"; sourceTree = "<group>"; };
		F94CAD01E29E49A987BA2342 /* Montserrat-ExtraBoldItalic.otf */ = {isa = PBXFileReference; explicitFileType = undefined; fileEncoding = undefined; includeInIndex = 0; lastKnownFileType = unknown; name = "Montserrat-ExtraBoldItalic.otf"; path = "../assets/fonts/Montserrat-ExtraBoldItalic.otf"; sourceTree = "<group>"; };
		FADE64C273714D929B254D14 /* Montserrat-Variable.ttf */ = {isa = PBXFileReference; explicitFileType = undefined; fileEncoding = undefined; includeInIndex = 0; lastKnownFileType = unknown; name = "Montserrat-Variable.ttf"; path = "../assets/fonts/Montserrat-Variable.ttf"; sourceTree = "<group>"; };
		XXE5595D4E7D81EEEC4655XX /* notificationservice.appex */ = {isa = PBXFileReference; explicitFileType = "wrapper.app-extension"; fileEncoding = 4; includeInIndex = 0; path = notificationservice.appex; sourceTree = BUILT_PRODUCTS_DIR; };
/* End PBXFileReference section */

/* Begin PBXFileSystemSynchronizedBuildFileExceptionSet section */
		XXAED8827252F5D1A885DAXX /* Exceptions for "notification-service" folder in "notificationservice" target */ = {
			isa = PBXFileSystemSynchronizedBuildFileExceptionSet;
			membershipExceptions = (
				Info.plist,
				"expo-target.config.js",
			);
			target = XX008CFB9636BD3A271068XX /* notificationservice */;
		};
/* End PBXFileSystemSynchronizedBuildFileExceptionSet section */

/* Begin PBXFileSystemSynchronizedRootGroup section */
		XXEF54CA82407A769E76B6XX /* notification-service */ = {
			isa = PBXFileSystemSynchronizedRootGroup;
			exceptions = (
				XXAED8827252F5D1A885DAXX /* Exceptions for "notification-service" folder in "notificationservice" target */,
			);
			explicitFileTypes = {
			};
			explicitFolders = (
			);
			path = "notification-service";
			sourceTree = "<group>";
		};
/* End PBXFileSystemSynchronizedRootGroup section */

/* Begin PBXFrameworksBuildPhase section */
		13B07F8C1A680F5B00A75B9A /* Frameworks */ = {
			isa = PBXFrameworksBuildPhase;
			buildActionMask = 2147483647;
			files = (
				6C71337E1867B70C1B415993 /* libPods-NEWSWORLD.a in Frameworks */,
			);
			runOnlyForDeploymentPostprocessing = 0;
		};
/* End PBXFrameworksBuildPhase section */

/* Begin PBXGroup section */
		13B07FAE1A68108700A75B9A /* NEWSWORLD */ = {
			isa = PBXGroup;
			children = (
				F11748412D0307B40044C1D9 /* AppDelegate.swift */,
				F11748442D0722820044C1D9 /* NEWSWORLD-Bridging-Header.h */,
				BB2F792B24A3F905000567C9 /* Supporting */,
				13B07FB51A68108700A75B9A /* Images.xcassets */,
				13B07FB61A68108700A75B9A /* Info.plist */,
				AA286B85B6C04FC6940260E9 /* SplashScreen.storyboard */,
				AD1545CE23E1233B6EA33986 /* PrivacyInfo.xcprivacy */,
			);
			name = NEWSWORLD;
			sourceTree = "<group>";
		};
		2D16E6871FA4F8E400B85C8A /* Frameworks */ = {
			isa = PBXGroup;
			children = (
				ED297162215061F000B7C4FE /* JavaScriptCore.framework */,
				CDE303584D995745CF3B0CBE /* libPods-NEWSWORLD.a */,
			);
			name = Frameworks;
			sourceTree = "<group>";
		};
		443556E9A925C7ED1AB3DE7F /* Pods */ = {
			isa = PBXGroup;
			children = (
				722FD1C596D8B237E724EFB6 /* Pods-NEWSWORLD.debug.xcconfig */,
				B491BECEF1428F6D6ECB5106 /* Pods-NEWSWORLD.release.xcconfig */,
			);
			name = Pods;
			path = Pods;
			sourceTree = "<group>";
		};
		5D873A64521AAC011B923D9E /* NEWSWORLD */ = {
			isa = PBXGroup;
			children = (
				C49C52EE1505E3032327C28B /* ExpoModulesProvider.swift */,
			);
			name = NEWSWORLD;
			sourceTree = "<group>";
		};
		832341AE1AAA6A7D00B99B32 /* Libraries */ = {
			isa = PBXGroup;
			children = (
			);
			name = Libraries;
			sourceTree = "<group>";
		};
		83CBB9F61A601CBA00E9B192 = {
			isa = PBXGroup;
			children = (
				XX3E41C1850246162C0061XX /* expo:targets */,
				13B07FAE1A68108700A75B9A /* NEWSWORLD */,
				832341AE1AAA6A7D00B99B32 /* Libraries */,
				83CBBA001A601CBA00E9B192 /* Products */,
				2D16E6871FA4F8E400B85C8A /* Frameworks */,
				AA257FA1F6574E26885DC502 /* Resources */,
				443556E9A925C7ED1AB3DE7F /* Pods */,
				B5C443A15B7D4421A44137E8 /* ExpoModulesProviders */,
			);
			indentWidth = 2;
			sourceTree = "<group>";
			tabWidth = 2;
			usesTabs = 0;
		};
		83CBBA001A601CBA00E9B192 /* Products */ = {
			isa = PBXGroup;
			children = (
				13B07F961A680F5B00A75B9A /* NEWSWORLD.app */,
				XXE5595D4E7D81EEEC4655XX /* notificationservice.appex */,
			);
			name = Products;
			sourceTree = "<group>";
		};
		AA257FA1F6574E26885DC502 /* Resources */ = {
			isa = PBXGroup;
			children = (
				F5114BAF41C84D1AA7F4E4FC /* CabinetGrotesk-Black.otf */,
				E394EEA590BC45CCA940AAA5 /* CabinetGrotesk-Bold.otf */,
				02FDF972A5FF4618A1010A89 /* CabinetGrotesk-Extrabold.otf */,
				44D4AB9B277A4339982CE021 /* CabinetGrotesk-Extralight.otf */,
				AFB7F9BAE5644FEF88194FCC /* CabinetGrotesk-Light.otf */,
				CEAADB1D671E4CEAA413EE08 /* CabinetGrotesk-Medium.otf */,
				EDDEC96B26644CB2A281BBFB /* CabinetGrotesk-Regular.otf */,
				DD13D7D562F34D72A876210C /* CabinetGrotesk-Thin.otf */,
				BDC88DE7779744B4960836C7 /* CabinetGrotesk-Variable.ttf */,
				2D2BAD03475940A98193F06E /* Montserrat-Black.otf */,
				213B227FDD2D4996A2C9F6CB /* Montserrat-BlackItalic.otf */,
				7144D95F845647948DD80BD3 /* Montserrat-Bold.otf */,
				D08924C9ED49417C9CB457B9 /* Montserrat-BoldItalic.otf */,
				865E2AE8E16E4410A230445E /* Montserrat-ExtraBold.otf */,
				F94CAD01E29E49A987BA2342 /* Montserrat-ExtraBoldItalic.otf */,
				08FC86295B2646AFAF445DBF /* Montserrat-ExtraLight.otf */,
				13E90E832F874DF0ABAF77E7 /* Montserrat-ExtraLightItalic.otf */,
				9917EA1558CA470787D09C26 /* Montserrat-Italic.otf */,
				54732A29BC124F6CAB762B76 /* Montserrat-Light.otf */,
				3FCB2C5846F14FB5BDAD16E0 /* Montserrat-LightItalic.otf */,
				A14FCD169A314D8DAD14B584 /* Montserrat-Medium.otf */,
				16B6394163CF4B21A82DBB7B /* Montserrat-MediumItalic.otf */,
				212FA210D2B84CD5B03B9F8F /* Montserrat-Regular.otf */,
				F3295911108D487A8FFDA9BD /* Montserrat-SemiBold.otf */,
				388DB66C4C0D49F3A6811542 /* Montserrat-SemiBoldItalic.otf */,
				1288DC78EFF74B8EB781D9E8 /* Montserrat-Thin.otf */,
				6B2356E99BCA44339AC3760F /* Montserrat-ThinItalic.otf */,
				FADE64C273714D929B254D14 /* Montserrat-Variable.ttf */,
				2699B8D6ACB0488187D8AD91 /* Montserrat-VariableItalic.ttf */,
				2FF0A33C81E14B52B09FC3E3 /* Manrope-Bold.otf */,
				85485030333A4FAFAD54CF35 /* Manrope-ExtraBold.otf */,
				90734953153D417788EAB729 /* Manrope-Extralight.otf */,
				5084940D36E443AEA07042FE /* Manrope-Light.otf */,
				E14937D7B10C43A08A241043 /* Manrope-Medium.otf */,
				46F0AEEC1A0D4EF7A93CCA56 /* Manrope-Regular.otf */,
				4B5B8EEAE32048F5BC52DA46 /* Manrope-SemiBold.otf */,
			);
			name = Resources;
			path = "";
			sourceTree = "<group>";
		};
		B5C443A15B7D4421A44137E8 /* ExpoModulesProviders */ = {
			isa = PBXGroup;
			children = (
				5D873A64521AAC011B923D9E /* NEWSWORLD */,
			);
			name = ExpoModulesProviders;
			sourceTree = "<group>";
		};
		BB2F792B24A3F905000567C9 /* Supporting */ = {
			isa = PBXGroup;
			children = (
				BB2F792C24A3F905000567C9 /* Expo.plist */,
			);
			name = Supporting;
			path = NEWSWORLD/Supporting;
			sourceTree = "<group>";
		};
		XX3E41C1850246162C0061XX /* expo:targets */ = {
			isa = PBXGroup;
			children = (
				XXEF54CA82407A769E76B6XX /* notification-service */,
			);
			name = "expo:targets";
			path = ../targets;
			sourceTree = "<group>";
		};
/* End PBXGroup section */

/* Begin PBXNativeTarget section */
		13B07F861A680F5B00A75B9A /* NEWSWORLD */ = {
			isa = PBXNativeTarget;
			buildConfigurationList = 13B07F931A680F5B00A75B9A /* Build configuration list for PBXNativeTarget "NEWSWORLD" */;
			buildPhases = (
				08A4A3CD28434E44B6B9DE2E /* [CP] Check Pods Manifest.lock */,
				078118B9B0BEF99009174D34 /* [Expo] Configure project */,
				13B07F871A680F5B00A75B9A /* Sources */,
				13B07F8C1A680F5B00A75B9A /* Frameworks */,
				13B07F8E1A680F5B00A75B9A /* Resources */,
				00DD1BFF1BD5951E006B06BC /* Bundle React Native code and images */,
				800E24972A6A228C8D4807E9 /* [CP] Copy Pods Resources */,
				XX72A8CFBF0FBA13A79902XX /* Embed Foundation Extensions */,
				3B15044431A51B8271F3740A /* [CP] Embed Pods Frameworks */,
			);
			buildRules = (
			);
			dependencies = (
				XX48D27871CA215BA2D9EAXX /* PBXTargetDependency */,
			);
			name = NEWSWORLD;
			productName = NEWSWORLD;
			productReference = 13B07F961A680F5B00A75B9A /* NEWSWORLD.app */;
			productType = "com.apple.product-type.application";
		};
		XX008CFB9636BD3A271068XX /* notificationservice */ = {
			isa = PBXNativeTarget;
			buildConfigurationList = XXECE90932817AF1661B94XX /* Build configuration list for PBXNativeTarget "notificationservice" */;
			buildPhases = (
				XXE45443DC38DCFE1DB622XX /* Sources */,
				XXFA5A8CCDD805DF7AEF9CXX /* Resources */,
			);
			buildRules = (
			);
			dependencies = (
			);
			fileSystemSynchronizedGroups = (
				XXEF54CA82407A769E76B6XX /* notification-service */,
			);
			name = notificationservice;
			productName = notificationservice;
			productReference = XXE5595D4E7D81EEEC4655XX /* notificationservice.appex */;
			productType = "com.apple.product-type.app-extension";
		};
/* End PBXNativeTarget section */

/* Begin PBXProject section */
		83CBB9F71A601CBA00E9B192 /* Project object */ = {
			isa = PBXProject;
			attributes = {
				LastUpgradeCheck = 1130;
				TargetAttributes = {
					13B07F861A680F5B00A75B9A = {
						LastSwiftMigration = 1250;
					};
					XX008CFB9636BD3A271068XX = {
						CreatedOnToolsVersion = 14.3;
						DevelopmentTeam = GRJVX377AP;
						ProvisioningStyle = Automatic;
					};
				};
			};
			buildConfigurationList = 83CBB9FA1A601CBA00E9B192 /* Build configuration list for PBXProject "NEWSWORLD" */;
			compatibilityVersion = "Xcode 3.2";
			developmentRegion = en;
			hasScannedForEncodings = 0;
			knownRegions = (
				en,
				Base,
			);
			mainGroup = 83CBB9F61A601CBA00E9B192;
			productRefGroup = 83CBBA001A601CBA00E9B192 /* Products */;
			projectDirPath = "";
			projectRoot = "";
			targets = (
				13B07F861A680F5B00A75B9A /* NEWSWORLD */,
				XX008CFB9636BD3A271068XX /* notificationservice */,
			);
		};
/* End PBXProject section */

/* Begin PBXResourcesBuildPhase section */
		13B07F8E1A680F5B00A75B9A /* Resources */ = {
			isa = PBXResourcesBuildPhase;
			buildActionMask = 2147483647;
			files = (
				BB2F792D24A3F905000567C9 /* Expo.plist in Resources */,
				13B07FBF1A68108700A75B9A /* Images.xcassets in Resources */,
				3E461D99554A48A4959DE609 /* SplashScreen.storyboard in Resources */,
				D2AB6BC8BF8B40138A33708E /* CabinetGrotesk-Black.otf in Resources */,
				F31BB520A9A741E89E3575F5 /* CabinetGrotesk-Bold.otf in Resources */,
				1EB004A5A6A54BF4BF3A4071 /* CabinetGrotesk-Extrabold.otf in Resources */,
				AF555A416EAA4C0FAD0ACE16 /* CabinetGrotesk-Extralight.otf in Resources */,
				4D741112DB3947BD811E8D8E /* CabinetGrotesk-Light.otf in Resources */,
				DB369B14AE45475BA5DC2E7C /* CabinetGrotesk-Medium.otf in Resources */,
				62E4D67A40BF4B4C832F9F1A /* CabinetGrotesk-Regular.otf in Resources */,
				02D6580EB706409594DFA63E /* CabinetGrotesk-Thin.otf in Resources */,
				0B69CC2076324CDFBEEAEE09 /* CabinetGrotesk-Variable.ttf in Resources */,
				B02D2B60F4EB4ADA903325D5 /* Montserrat-Black.otf in Resources */,
				9F7AAC2B62464BCE98793C06 /* Montserrat-BlackItalic.otf in Resources */,
				79DA82E1977F4152A077BD76 /* Montserrat-Bold.otf in Resources */,
				BFC624D67B5C4E0AADB4BF88 /* Montserrat-BoldItalic.otf in Resources */,
				2FDE2D66D86F4AD692291502 /* Montserrat-ExtraBold.otf in Resources */,
				EC781EA32BE147B788FE9185 /* Montserrat-ExtraBoldItalic.otf in Resources */,
				3CA7EF6F515D4CF1B5A2F884 /* Montserrat-ExtraLight.otf in Resources */,
				E957E90C2B3D49B1A39F9705 /* Montserrat-ExtraLightItalic.otf in Resources */,
				25393897F4B643FF9F31741D /* Montserrat-Italic.otf in Resources */,
				28DEA458C184490491F1ADB2 /* Montserrat-Light.otf in Resources */,
				A2A8B8D77CDB4830A971D084 /* Montserrat-LightItalic.otf in Resources */,
				F0B5260994634B5A9DC1FE31 /* Montserrat-Medium.otf in Resources */,
				61DED3A6E39543E4AD98F069 /* Montserrat-MediumItalic.otf in Resources */,
				5F70F74A97084F76A38B67D8 /* Montserrat-Regular.otf in Resources */,
				9D19A7ECA7734C908E57FC79 /* Montserrat-SemiBold.otf in Resources */,
				152630A411F347DDBA2F0552 /* Montserrat-SemiBoldItalic.otf in Resources */,
				95EBC3FEBF694F4081E5F33A /* Montserrat-Thin.otf in Resources */,
				6BC84411C10041079254C037 /* Montserrat-ThinItalic.otf in Resources */,
				DF0773E52E2743D08899CA7B /* Montserrat-Variable.ttf in Resources */,
				07FCBC1401E44028872E947F /* Montserrat-VariableItalic.ttf in Resources */,
				57E0AD7E8ABB497E912BCE23 /* Manrope-Bold.otf in Resources */,
				E135810ECB5647BC86A844E8 /* Manrope-ExtraBold.otf in Resources */,
				F55515D81F294E53BFCEE9B4 /* Manrope-Extralight.otf in Resources */,
				28A5C9CF011544909431E92E /* Manrope-Light.otf in Resources */,
				1836F86E80A940F68A72CCA1 /* Manrope-Medium.otf in Resources */,
				649E0DD251BA449DB0E34425 /* Manrope-Regular.otf in Resources */,
				B8CF904AD9574485BB1C3ABD /* Manrope-SemiBold.otf in Resources */,
				0808CF9ECC22BBC1AA402644 /* PrivacyInfo.xcprivacy in Resources */,
			);
			runOnlyForDeploymentPostprocessing = 0;
		};
		XXFA5A8CCDD805DF7AEF9CXX /* Resources */ = {
			isa = PBXResourcesBuildPhase;
			buildActionMask = 2147483647;
			files = (
			);
			runOnlyForDeploymentPostprocessing = 0;
		};
/* End PBXResourcesBuildPhase section */

/* Begin PBXShellScriptBuildPhase section */
		00DD1BFF1BD5951E006B06BC /* Bundle React Native code and images */ = {
			isa = PBXShellScriptBuildPhase;
			alwaysOutOfDate = 1;
			buildActionMask = 2147483647;
			files = (
			);
			inputFileListPaths = (
			);
			inputPaths = (
			);
			name = "Bundle React Native code and images";
			outputFileListPaths = (
			);
			outputPaths = (
			);
			runOnlyForDeploymentPostprocessing = 0;
			shellPath = /bin/sh;
			shellScript = "if [[ -f \"$PODS_ROOT/../.xcode.env\" ]]; then\n  source \"$PODS_ROOT/../.xcode.env\"\nfi\nif [[ -f \"$PODS_ROOT/../.xcode.env.local\" ]]; then\n  source \"$PODS_ROOT/../.xcode.env.local\"\nfi\n\n# The project root by default is one level up from the ios directory\nexport PROJECT_ROOT=\"$PROJECT_DIR\"/..\n\nif [[ \"$CONFIGURATION\" = *Debug* ]]; then\n  export SKIP_BUNDLING=1\nfi\nif [[ -z \"$ENTRY_FILE\" ]]; then\n  # Set the entry JS file using the bundler's entry resolution.\n  export ENTRY_FILE=\"$(\"$NODE_BINARY\" -e \"require('expo/scripts/resolveAppEntry')\" \"$PROJECT_ROOT\" ios absolute | tail -n 1)\"\nfi\n\nif [[ -z \"$CLI_PATH\" ]]; then\n  # Use Expo CLI\n  export CLI_PATH=\"$(\"$NODE_BINARY\" --print \"require.resolve('@expo/cli', { paths: [require.resolve('expo/package.json')] })\")\"\nfi\nif [[ -z \"$BUNDLE_COMMAND\" ]]; then\n  # Default Expo CLI command for bundling\n  export BUNDLE_COMMAND=\"export:embed\"\nfi\n\n# Source .xcode.env.updates if it exists to allow\n# SKIP_BUNDLING to be unset if needed\nif [[ -f \"$PODS_ROOT/../.xcode.env.updates\" ]]; then\n  source \"$PODS_ROOT/../.xcode.env.updates\"\nfi\n# Source local changes to allow overrides\n# if needed\nif [[ -f \"$PODS_ROOT/../.xcode.env.local\" ]]; then\n  source \"$PODS_ROOT/../.xcode.env.local\"\nfi\n\n`\"$NODE_BINARY\" --print \"require('path').dirname(require.resolve('react-native/package.json')) + '/scripts/react-native-xcode.sh'\"`\n\n";
		};
		078118B9B0BEF99009174D34 /* [Expo] Configure project */ = {
			isa = PBXShellScriptBuildPhase;
			alwaysOutOfDate = 1;
			buildActionMask = 2147483647;
			files = (
			);
			inputFileListPaths = (
			);
			inputPaths = (
			);
			name = "[Expo] Configure project";
			outputFileListPaths = (
			);
			outputPaths = (
			);
			runOnlyForDeploymentPostprocessing = 0;
			shellPath = /bin/sh;
			shellScript = "# This script configures Expo modules and generates the modules provider file.\nbash -l -c \"./Pods/Target\\ Support\\ Files/Pods-NEWSWORLD/expo-configure-project.sh\"\n";
		};
		08A4A3CD28434E44B6B9DE2E /* [CP] Check Pods Manifest.lock */ = {
			isa = PBXShellScriptBuildPhase;
			buildActionMask = 2147483647;
			files = (
			);
			inputFileListPaths = (
			);
			inputPaths = (
				"${PODS_PODFILE_DIR_PATH}/Podfile.lock",
				"${PODS_ROOT}/Manifest.lock",
			);
			name = "[CP] Check Pods Manifest.lock";
			outputFileListPaths = (
			);
			outputPaths = (
				"$(DERIVED_FILE_DIR)/Pods-NEWSWORLD-checkManifestLockResult.txt",
			);
			runOnlyForDeploymentPostprocessing = 0;
			shellPath = /bin/sh;
			shellScript = "diff \"${PODS_PODFILE_DIR_PATH}/Podfile.lock\" \"${PODS_ROOT}/Manifest.lock\" > /dev/null\nif [ $? != 0 ] ; then\n    # print error to STDERR\n    echo \"error: The sandbox is not in sync with the Podfile.lock. Run 'pod install' or update your CocoaPods installation.\" >&2\n    exit 1\nfi\n# This output is used by Xcode 'outputs' to avoid re-running this script phase.\necho \"SUCCESS\" > \"${SCRIPT_OUTPUT_FILE_0}\"\n";
			showEnvVarsInLog = 0;
		};
		3B15044431A51B8271F3740A /* [CP] Embed Pods Frameworks */ = {
			isa = PBXShellScriptBuildPhase;
			buildActionMask = 2147483647;
			files = (
			);
			inputPaths = (
				"${PODS_ROOT}/Target Support Files/Pods-NEWSWORLD/Pods-NEWSWORLD-frameworks.sh",
				"${PODS_XCFRAMEWORKS_BUILD_DIR}/hermes-engine/Pre-built/hermes.framework/hermes",
			);
			name = "[CP] Embed Pods Frameworks";
			outputPaths = (
				"${TARGET_BUILD_DIR}/${FRAMEWORKS_FOLDER_PATH}/hermes.framework",
			);
			runOnlyForDeploymentPostprocessing = 0;
			shellPath = /bin/sh;
			shellScript = "\"${PODS_ROOT}/Target Support Files/Pods-NEWSWORLD/Pods-NEWSWORLD-frameworks.sh\"\n";
			showEnvVarsInLog = 0;
		};
		800E24972A6A228C8D4807E9 /* [CP] Copy Pods Resources */ = {
			isa = PBXShellScriptBuildPhase;
			buildActionMask = 2147483647;
			files = (
			);
			inputPaths = (
				"${PODS_ROOT}/Target Support Files/Pods-NEWSWORLD/Pods-NEWSWORLD-resources.sh",
				"${PODS_CONFIGURATION_BUILD_DIR}/EXApplication/ExpoApplication_privacy.bundle",
				"${PODS_CONFIGURATION_BUILD_DIR}/EXConstants/EXConstants.bundle",
				"${PODS_CONFIGURATION_BUILD_DIR}/EXConstants/ExpoConstants_privacy.bundle",
				"${PODS_CONFIGURATION_BUILD_DIR}/EXNotifications/ExpoNotifications_privacy.bundle",
				"${PODS_CONFIGURATION_BUILD_DIR}/ExpoDevice/ExpoDevice_privacy.bundle",
				"${PODS_CONFIGURATION_BUILD_DIR}/ExpoFileSystem/ExpoFileSystem_privacy.bundle",
				"${PODS_CONFIGURATION_BUILD_DIR}/ExpoSystemUI/ExpoSystemUI_privacy.bundle",
				"${PODS_CONFIGURATION_BUILD_DIR}/RCT-Folly/RCT-Folly_privacy.bundle",
				"${PODS_CONFIGURATION_BUILD_DIR}/RNCAsyncStorage/RNCAsyncStorage_resources.bundle",
				"${PODS_CONFIGURATION_BUILD_DIR}/RNSVG/RNSVGFilters.bundle",
				"${PODS_CONFIGURATION_BUILD_DIR}/React-Core/React-Core_privacy.bundle",
				"${PODS_CONFIGURATION_BUILD_DIR}/React-cxxreact/React-cxxreact_privacy.bundle",
				"${PODS_CONFIGURATION_BUILD_DIR}/SDWebImage/SDWebImage.bundle",
				"${PODS_CONFIGURATION_BUILD_DIR}/boost/boost_privacy.bundle",
				"${PODS_CONFIGURATION_BUILD_DIR}/expo-dev-launcher/EXDevLauncher.bundle",
				"${PODS_CONFIGURATION_BUILD_DIR}/expo-dev-menu/EXDevMenu.bundle",
				"${PODS_CONFIGURATION_BUILD_DIR}/glog/glog_privacy.bundle",
			);
			name = "[CP] Copy Pods Resources";
			outputPaths = (
				"${TARGET_BUILD_DIR}/${UNLOCALIZED_RESOURCES_FOLDER_PATH}/ExpoApplication_privacy.bundle",
				"${TARGET_BUILD_DIR}/${UNLOCALIZED_RESOURCES_FOLDER_PATH}/EXConstants.bundle",
				"${TARGET_BUILD_DIR}/${UNLOCALIZED_RESOURCES_FOLDER_PATH}/ExpoConstants_privacy.bundle",
				"${TARGET_BUILD_DIR}/${UNLOCALIZED_RESOURCES_FOLDER_PATH}/ExpoNotifications_privacy.bundle",
				"${TARGET_BUILD_DIR}/${UNLOCALIZED_RESOURCES_FOLDER_PATH}/ExpoDevice_privacy.bundle",
				"${TARGET_BUILD_DIR}/${UNLOCALIZED_RESOURCES_FOLDER_PATH}/ExpoFileSystem_privacy.bundle",
				"${TARGET_BUILD_DIR}/${UNLOCALIZED_RESOURCES_FOLDER_PATH}/ExpoSystemUI_privacy.bundle",
				"${TARGET_BUILD_DIR}/${UNLOCALIZED_RESOURCES_FOLDER_PATH}/RCT-Folly_privacy.bundle",
				"${TARGET_BUILD_DIR}/${UNLOCALIZED_RESOURCES_FOLDER_PATH}/RNCAsyncStorage_resources.bundle",
				"${TARGET_BUILD_DIR}/${UNLOCALIZED_RESOURCES_FOLDER_PATH}/RNSVGFilters.bundle",
				"${TARGET_BUILD_DIR}/${UNLOCALIZED_RESOURCES_FOLDER_PATH}/React-Core_privacy.bundle",
				"${TARGET_BUILD_DIR}/${UNLOCALIZED_RESOURCES_FOLDER_PATH}/React-cxxreact_privacy.bundle",
				"${TARGET_BUILD_DIR}/${UNLOCALIZED_RESOURCES_FOLDER_PATH}/SDWebImage.bundle",
				"${TARGET_BUILD_DIR}/${UNLOCALIZED_RESOURCES_FOLDER_PATH}/boost_privacy.bundle",
				"${TARGET_BUILD_DIR}/${UNLOCALIZED_RESOURCES_FOLDER_PATH}/EXDevLauncher.bundle",
				"${TARGET_BUILD_DIR}/${UNLOCALIZED_RESOURCES_FOLDER_PATH}/EXDevMenu.bundle",
				"${TARGET_BUILD_DIR}/${UNLOCALIZED_RESOURCES_FOLDER_PATH}/glog_privacy.bundle",
			);
			runOnlyForDeploymentPostprocessing = 0;
			shellPath = /bin/sh;
			shellScript = "\"${PODS_ROOT}/Target Support Files/Pods-NEWSWORLD/Pods-NEWSWORLD-resources.sh\"\n";
			showEnvVarsInLog = 0;
		};
/* End PBXShellScriptBuildPhase section */

/* Begin PBXSourcesBuildPhase section */
		13B07F871A680F5B00A75B9A /* Sources */ = {
			isa = PBXSourcesBuildPhase;
			buildActionMask = 2147483647;
			files = (
				F11748422D0307B40044C1D9 /* AppDelegate.swift in Sources */,
				D96CEA893C51546D04C79304 /* ExpoModulesProvider.swift in Sources */,
			);
			runOnlyForDeploymentPostprocessing = 0;
		};
		XXE45443DC38DCFE1DB622XX /* Sources */ = {
			isa = PBXSourcesBuildPhase;
			buildActionMask = 2147483647;
			files = (
			);
			runOnlyForDeploymentPostprocessing = 0;
		};
/* End PBXSourcesBuildPhase section */

/* Begin PBXTargetDependency section */
		XX48D27871CA215BA2D9EAXX /* PBXTargetDependency */ = {
			isa = PBXTargetDependency;
			target = XX008CFB9636BD3A271068XX /* notificationservice */;
			targetProxy = XX54CAF70F58D3356E2B19XX /* PBXContainerItemProxy */;
		};
/* End PBXTargetDependency section */

/* Begin XCBuildConfiguration section */
		13B07F941A680F5B00A75B9A /* Debug */ = {
			isa = XCBuildConfiguration;
			baseConfigurationReference = 722FD1C596D8B237E724EFB6 /* Pods-NEWSWORLD.debug.xcconfig */;
			buildSettings = {
				ASSETCATALOG_COMPILER_APPICON_NAME = AppIcon;
				CLANG_ENABLE_MODULES = YES;
				CODE_SIGN_ENTITLEMENTS = NEWSWORLD/NEWSWORLD.entitlements;
				CURRENT_PROJECT_VERSION = 1;
				DEVELOPMENT_TEAM = GRJVX377AP;
				ENABLE_BITCODE = NO;
				GCC_PREPROCESSOR_DEFINITIONS = (
					"$(inherited)",
					"FB_SONARKIT_ENABLED=1",
				);
				INFOPLIST_FILE = NEWSWORLD/Info.plist;
				IPHONEOS_DEPLOYMENT_TARGET = 15.1;
				LD_RUNPATH_SEARCH_PATHS = (
					"$(inherited)",
					"@executable_path/Frameworks",
				);
				MARKETING_VERSION = 1.1.2;
				OTHER_LDFLAGS = (
					"$(inherited)",
					"-ObjC",
					"-lc++",
				);
				OTHER_SWIFT_FLAGS = "$(inherited) -D EXPO_CONFIGURATION_DEBUG";
				PRODUCT_BUNDLE_IDENTIFIER = com.joshcodes.newslite;
				PRODUCT_NAME = NEWSWORLD;
				SWIFT_OBJC_BRIDGING_HEADER = "NEWSWORLD/NEWSWORLD-Bridging-Header.h";
				SWIFT_OPTIMIZATION_LEVEL = "-Onone";
				SWIFT_VERSION = 5.0;
				TARGETED_DEVICE_FAMILY = "1,2";
				VERSIONING_SYSTEM = "apple-generic";
			};
			name = Debug;
		};
		13B07F951A680F5B00A75B9A /* Release */ = {
			isa = XCBuildConfiguration;
			baseConfigurationReference = B491BECEF1428F6D6ECB5106 /* Pods-NEWSWORLD.release.xcconfig */;
			buildSettings = {
				ASSETCATALOG_COMPILER_APPICON_NAME = AppIcon;
				CLANG_ENABLE_MODULES = YES;
				CODE_SIGN_ENTITLEMENTS = NEWSWORLD/NEWSWORLD.entitlements;
				CURRENT_PROJECT_VERSION = 1;
				DEVELOPMENT_TEAM = GRJVX377AP;
				INFOPLIST_FILE = NEWSWORLD/Info.plist;
				IPHONEOS_DEPLOYMENT_TARGET = 15.1;
				LD_RUNPATH_SEARCH_PATHS = (
					"$(inherited)",
					"@executable_path/Frameworks",
				);
				MARKETING_VERSION = 1.1.2;
				OTHER_LDFLAGS = (
					"$(inherited)",
					"-ObjC",
					"-lc++",
				);
				OTHER_SWIFT_FLAGS = "$(inherited) -D EXPO_CONFIGURATION_RELEASE";
				PRODUCT_BUNDLE_IDENTIFIER = com.joshcodes.newslite;
				PRODUCT_NAME = NEWSWORLD;
				SWIFT_OBJC_BRIDGING_HEADER = "NEWSWORLD/NEWSWORLD-Bridging-Header.h";
				SWIFT_VERSION = 5.0;
				TARGETED_DEVICE_FAMILY = "1,2";
				VERSIONING_SYSTEM = "apple-generic";
			};
			name = Release;
		};
		83CBBA201A601CBA00E9B192 /* Debug */ = {
			isa = XCBuildConfiguration;
			buildSettings = {
				ALWAYS_SEARCH_USER_PATHS = NO;
				CLANG_ANALYZER_LOCALIZABILITY_NONLOCALIZED = YES;
				CLANG_CXX_LANGUAGE_STANDARD = "c++20";
				CLANG_CXX_LIBRARY = "libc++";
				CLANG_ENABLE_MODULES = YES;
				CLANG_ENABLE_OBJC_ARC = YES;
				CLANG_WARN_BLOCK_CAPTURE_AUTORELEASING = YES;
				CLANG_WARN_BOOL_CONVERSION = YES;
				CLANG_WARN_COMMA = YES;
				CLANG_WARN_CONSTANT_CONVERSION = YES;
				CLANG_WARN_DEPRECATED_OBJC_IMPLEMENTATIONS = YES;
				CLANG_WARN_DIRECT_OBJC_ISA_USAGE = YES_ERROR;
				CLANG_WARN_EMPTY_BODY = YES;
				CLANG_WARN_ENUM_CONVERSION = YES;
				CLANG_WARN_INFINITE_RECURSION = YES;
				CLANG_WARN_INT_CONVERSION = YES;
				CLANG_WARN_NON_LITERAL_NULL_CONVERSION = YES;
				CLANG_WARN_OBJC_IMPLICIT_RETAIN_SELF = YES;
				CLANG_WARN_OBJC_LITERAL_CONVERSION = YES;
				CLANG_WARN_OBJC_ROOT_CLASS = YES_ERROR;
				CLANG_WARN_RANGE_LOOP_ANALYSIS = YES;
				CLANG_WARN_STRICT_PROTOTYPES = YES;
				CLANG_WARN_SUSPICIOUS_MOVE = YES;
				CLANG_WARN_UNREACHABLE_CODE = YES;
				CLANG_WARN__DUPLICATE_METHOD_MATCH = YES;
				"CODE_SIGN_IDENTITY[sdk=iphoneos*]" = "iPhone Developer";
				COPY_PHASE_STRIP = NO;
				ENABLE_STRICT_OBJC_MSGSEND = YES;
				ENABLE_TESTABILITY = YES;
				GCC_C_LANGUAGE_STANDARD = gnu99;
				GCC_DYNAMIC_NO_PIC = NO;
				GCC_NO_COMMON_BLOCKS = YES;
				GCC_OPTIMIZATION_LEVEL = 0;
				GCC_PREPROCESSOR_DEFINITIONS = (
					"DEBUG=1",
					"$(inherited)",
				);
				GCC_SYMBOLS_PRIVATE_EXTERN = NO;
				GCC_WARN_64_TO_32_BIT_CONVERSION = YES;
				GCC_WARN_ABOUT_RETURN_TYPE = YES_ERROR;
				GCC_WARN_UNDECLARED_SELECTOR = YES;
				GCC_WARN_UNINITIALIZED_AUTOS = YES_AGGRESSIVE;
				GCC_WARN_UNUSED_FUNCTION = YES;
				GCC_WARN_UNUSED_VARIABLE = YES;
				IPHONEOS_DEPLOYMENT_TARGET = 15.1;
				LD_RUNPATH_SEARCH_PATHS = (
					/usr/lib/swift,
					"$(inherited)",
				);
				LIBRARY_SEARCH_PATHS = "$(SDKROOT)/usr/lib/swift\"$(inherited)\"";
				MTL_ENABLE_DEBUG_INFO = YES;
				ONLY_ACTIVE_ARCH = YES;
				OTHER_LDFLAGS = (
					"$(inherited)",
					" ",
				);
				REACT_NATIVE_PATH = "${PODS_ROOT}/../../node_modules/react-native";
				SDKROOT = iphoneos;
				SWIFT_ACTIVE_COMPILATION_CONDITIONS = "$(inherited) DEBUG";
				USE_HERMES = true;
			};
			name = Debug;
		};
		83CBBA211A601CBA00E9B192 /* Release */ = {
			isa = XCBuildConfiguration;
			buildSettings = {
				ALWAYS_SEARCH_USER_PATHS = NO;
				CLANG_ANALYZER_LOCALIZABILITY_NONLOCALIZED = YES;
				CLANG_CXX_LANGUAGE_STANDARD = "c++20";
				CLANG_CXX_LIBRARY = "libc++";
				CLANG_ENABLE_MODULES = YES;
				CLANG_ENABLE_OBJC_ARC = YES;
				CLANG_WARN_BLOCK_CAPTURE_AUTORELEASING = YES;
				CLANG_WARN_BOOL_CONVERSION = YES;
				CLANG_WARN_COMMA = YES;
				CLANG_WARN_CONSTANT_CONVERSION = YES;
				CLANG_WARN_DEPRECATED_OBJC_IMPLEMENTATIONS = YES;
				CLANG_WARN_DIRECT_OBJC_ISA_USAGE = YES_ERROR;
				CLANG_WARN_EMPTY_BODY = YES;
				CLANG_WARN_ENUM_CONVERSION = YES;
				CLANG_WARN_INFINITE_RECURSION = YES;
				CLANG_WARN_INT_CONVERSION = YES;
				CLANG_WARN_NON_LITERAL_NULL_CONVERSION = YES;
				CLANG_WARN_OBJC_IMPLICIT_RETAIN_SELF = YES;
				CLANG_WARN_OBJC_LITERAL_CONVERSION = YES;
				CLANG_WARN_OBJC_ROOT_CLASS = YES_ERROR;
				CLANG_WARN_RANGE_LOOP_ANALYSIS = YES;
				CLANG_WARN_STRICT_PROTOTYPES = YES;
				CLANG_WARN_SUSPICIOUS_MOVE = YES;
				CLANG_WARN_UNREACHABLE_CODE = YES;
				CLANG_WARN__DUPLICATE_METHOD_MATCH = YES;
				"CODE_SIGN_IDENTITY[sdk=iphoneos*]" = "iPhone Developer";
				COPY_PHASE_STRIP = YES;
				ENABLE_NS_ASSERTIONS = NO;
				ENABLE_STRICT_OBJC_MSGSEND = YES;
				GCC_C_LANGUAGE_STANDARD = gnu99;
				GCC_NO_COMMON_BLOCKS = YES;
				GCC_WARN_64_TO_32_BIT_CONVERSION = YES;
				GCC_WARN_ABOUT_RETURN_TYPE = YES_ERROR;
				GCC_WARN_UNDECLARED_SELECTOR = YES;
				GCC_WARN_UNINITIALIZED_AUTOS = YES_AGGRESSIVE;
				GCC_WARN_UNUSED_FUNCTION = YES;
				GCC_WARN_UNUSED_VARIABLE = YES;
				IPHONEOS_DEPLOYMENT_TARGET = 15.1;
				LD_RUNPATH_SEARCH_PATHS = (
					/usr/lib/swift,
					"$(inherited)",
				);
				LIBRARY_SEARCH_PATHS = "$(SDKROOT)/usr/lib/swift\"$(inherited)\"";
				MTL_ENABLE_DEBUG_INFO = NO;
				OTHER_LDFLAGS = (
					"$(inherited)",
					" ",
				);
				REACT_NATIVE_PATH = "${PODS_ROOT}/../../node_modules/react-native";
				SDKROOT = iphoneos;
				USE_HERMES = true;
				VALIDATE_PRODUCT = YES;
			};
			name = Release;
		};
		XX53F8AC516CA315A31BB7XX /* Debug */ = {
			isa = XCBuildConfiguration;
			buildSettings = {
				CLANG_ANALYZER_NONNULL = YES;
				CLANG_ANALYZER_NUMBER_OBJECT_CONVERSION = YES_AGGRESSIVE;
				CLANG_CXX_LANGUAGE_STANDARD = "gnu++20";
				CLANG_ENABLE_OBJC_WEAK = YES;
				CLANG_WARN_DOCUMENTATION_COMMENTS = YES;
				CLANG_WARN_QUOTED_INCLUDE_IN_FRAMEWORK_HEADER = YES;
				CLANG_WARN_UNGUARDED_AVAILABILITY = YES_AGGRESSIVE;
				CODE_SIGN_ENTITLEMENTS = "../targets/notification-service/generated.entitlements";
				CODE_SIGN_STYLE = Automatic;
				COPY_PHASE_STRIP = NO;
				CURRENT_PROJECT_VERSION = 7;
				DEBUG_INFORMATION_FORMAT = dwarf;
				DEVELOPMENT_TEAM = GRJVX377AP;
				GCC_C_LANGUAGE_STANDARD = gnu11;
				GENERATE_INFOPLIST_FILE = YES;
				INFOPLIST_FILE = "../targets/notification-service/Info.plist";
				INFOPLIST_KEY_CFBundleDisplayName = notificationservice;
				INFOPLIST_KEY_NSHumanReadableCopyright = "";
				IPHONEOS_DEPLOYMENT_TARGET = 18.0;
				LD_RUNPATH_SEARCH_PATHS = (
					"$(inherited)",
					"@executable_path/Frameworks",
					"@executable_path/../../Frameworks",
				);
				MARKETING_VERSION = 1.1.2;
				MTL_ENABLE_DEBUG_INFO = INCLUDE_SOURCE;
				MTL_FAST_MATH = YES;
				OTHER_SWIFT_FLAGS = "$(inherited) -D EXPO_CONFIGURATION_DEBUG";
				PRODUCT_BUNDLE_IDENTIFIER = "com.joshcodes.newslite.notification-service";
				PRODUCT_NAME = "$(TARGET_NAME)";
				SKIP_INSTALL = YES;
				SWIFT_ACTIVE_COMPILATION_CONDITIONS = DEBUG;
				SWIFT_COMPILATION_MODE = wholemodule;
				SWIFT_EMIT_LOC_STRINGS = YES;
				SWIFT_OPTIMIZATION_LEVEL = "-Onone";
				SWIFT_VERSION = 5.0;
				TARGETED_DEVICE_FAMILY = "1,2";
			};
			name = Debug;
		};
		XX836D673BACA8272BAE05XX /* Release */ = {
			isa = XCBuildConfiguration;
			buildSettings = {
				CLANG_ANALYZER_NONNULL = YES;
				CLANG_ANALYZER_NUMBER_OBJECT_CONVERSION = YES_AGGRESSIVE;
				CLANG_CXX_LANGUAGE_STANDARD = "gnu++20";
				CLANG_ENABLE_OBJC_WEAK = YES;
				CLANG_WARN_DOCUMENTATION_COMMENTS = YES;
				CLANG_WARN_QUOTED_INCLUDE_IN_FRAMEWORK_HEADER = YES;
				CLANG_WARN_UNGUARDED_AVAILABILITY = YES_AGGRESSIVE;
				CODE_SIGN_ENTITLEMENTS = "../targets/notification-service/generated.entitlements";
				CODE_SIGN_STYLE = Automatic;
				COPY_PHASE_STRIP = NO;
				CURRENT_PROJECT_VERSION = 7;
				DEBUG_INFORMATION_FORMAT = "dwarf-with-dsym";
				DEVELOPMENT_TEAM = GRJVX377AP;
				GCC_C_LANGUAGE_STANDARD = gnu11;
				GENERATE_INFOPLIST_FILE = YES;
				INFOPLIST_FILE = "../targets/notification-service/Info.plist";
				INFOPLIST_KEY_CFBundleDisplayName = notificationservice;
				INFOPLIST_KEY_NSHumanReadableCopyright = "";
				IPHONEOS_DEPLOYMENT_TARGET = 18.0;
				LD_RUNPATH_SEARCH_PATHS = (
					"$(inherited)",
					"@executable_path/Frameworks",
					"@executable_path/../../Frameworks",
				);
				MARKETING_VERSION = 1.1.2;
				MTL_FAST_MATH = YES;
				OTHER_SWIFT_FLAGS = "$(inherited) -D EXPO_CONFIGURATION_RELEASE";
				PRODUCT_BUNDLE_IDENTIFIER = "com.joshcodes.newslite.notification-service";
				PRODUCT_NAME = "$(TARGET_NAME)";
				SKIP_INSTALL = YES;
				SWIFT_COMPILATION_MODE = wholemodule;
				SWIFT_EMIT_LOC_STRINGS = YES;
				SWIFT_OPTIMIZATION_LEVEL = "-O";
				SWIFT_VERSION = 5.0;
				TARGETED_DEVICE_FAMILY = "1,2";
			};
			name = Release;
		};
/* End XCBuildConfiguration section */

/* Begin XCConfigurationList section */
		13B07F931A680F5B00A75B9A /* Build configuration list for PBXNativeTarget "NEWSWORLD" */ = {
			isa = XCConfigurationList;
			buildConfigurations = (
				13B07F941A680F5B00A75B9A /* Debug */,
				13B07F951A680F5B00A75B9A /* Release */,
			);
			defaultConfigurationIsVisible = 0;
			defaultConfigurationName = Release;
		};
		83CBB9FA1A601CBA00E9B192 /* Build configuration list for PBXProject "NEWSWORLD" */ = {
			isa = XCConfigurationList;
			buildConfigurations = (
				83CBBA201A601CBA00E9B192 /* Debug */,
				83CBBA211A601CBA00E9B192 /* Release */,
			);
			defaultConfigurationIsVisible = 0;
			defaultConfigurationName = Release;
		};
		XXECE90932817AF1661B94XX /* Build configuration list for PBXNativeTarget "notificationservice" */ = {
			isa = XCConfigurationList;
			buildConfigurations = (
				XX53F8AC516CA315A31BB7XX /* Debug */,
				XX836D673BACA8272BAE05XX /* Release */,
			);
			defaultConfigurationIsVisible = 0;
			defaultConfigurationName = Release;
		};
/* End XCConfigurationList section */
	};
	rootObject = 83CBB9F71A601CBA00E9B192 /* Project object */;
}
