// !$*UTF8*$!
{
	archiveVersion = 1;
	classes = {
	};
	objectVersion = 54;
	objects = {

/* Begin PBXBuildFile section */
		0D575E51BF0A468B9CBFDDFD /* CabinetGrotesk-Extralight.otf in Resources */ = {isa = PBXBuildFile; fileRef = E2F2BA02F3E742488410D912 /* CabinetGrotesk-Extralight.otf */; };
		13B07FBF1A68108700A75B9A /* Images.xcassets in Resources */ = {isa = PBXBuildFile; fileRef = 13B07FB51A68108700A75B9A /* Images.xcassets */; };
		18298EDFA83442118DACCA37 /* Montserrat-Thin.otf in Resources */ = {isa = PBXBuildFile; fileRef = 29D983BE26F84311B9BF68E3 /* Montserrat-Thin.otf */; };
		1A485ED1AF014EEFB7F1FDC0 /* CabinetGrotesk-Regular.otf in Resources */ = {isa = PBXBuildFile; fileRef = E38F967040EB4D31B0F9C4A1 /* CabinetGrotesk-Regular.otf */; };
		1C0400CC003942CEA8D6D36A /* Montserrat-Medium.otf in Resources */ = {isa = PBXBuildFile; fileRef = 66925E41CD1E4FEFA87A4587 /* Montserrat-Medium.otf */; };
		20DB77866E5040C4A9631769 /* Montserrat-MediumItalic.otf in Resources */ = {isa = PBXBuildFile; fileRef = 3CC5A9B4B0B8469BA67D11BB /* Montserrat-MediumItalic.otf */; };
		23ADB366308B461FADECBA21 /* CabinetGrotesk-Extrabold.otf in Resources */ = {isa = PBXBuildFile; fileRef = B4C0F1AC4C8C4E02A88D2D70 /* CabinetGrotesk-Extrabold.otf */; };
		257420C273B643D7A152D99C /* Montserrat-Light.otf in Resources */ = {isa = PBXBuildFile; fileRef = 07A4BE151B4241EBBA4C7D17 /* Montserrat-Light.otf */; };
		28CCDE4B23E849EBAE080B21 /* CabinetGrotesk-Medium.otf in Resources */ = {isa = PBXBuildFile; fileRef = C19DD58E23564E9FBA139A6C /* CabinetGrotesk-Medium.otf */; };
		29F56DC474AF4BCAB630EE9B /* CabinetGrotesk-Thin.otf in Resources */ = {isa = PBXBuildFile; fileRef = FF1E6B2FA4624FB78246C38F /* CabinetGrotesk-Thin.otf */; };
		3692C1BED37742D39F514ADE /* Montserrat-Bold.otf in Resources */ = {isa = PBXBuildFile; fileRef = 6F903759EA9C4A318191F2E1 /* Montserrat-Bold.otf */; };
		3E461D99554A48A4959DE609 /* SplashScreen.storyboard in Resources */ = {isa = PBXBuildFile; fileRef = AA286B85B6C04FC6940260E9 /* SplashScreen.storyboard */; };
		4C0774730AD0584E350C7C8C /* ExpoModulesProvider.swift in Sources */ = {isa = PBXBuildFile; fileRef = BD0D70A36BE168D3BED4526E /* ExpoModulesProvider.swift */; };
		4EDFF5B7D68A47A388C5E161 /* Montserrat-ExtraLight.otf in Resources */ = {isa = PBXBuildFile; fileRef = 6F4C3A00E70A4A7696B9EE05 /* Montserrat-ExtraLight.otf */; };
		55254BC2144A43F7A7F4A9F1 /* Montserrat-Regular.otf in Resources */ = {isa = PBXBuildFile; fileRef = 57245A2F9D104A2AB8D9AC56 /* Montserrat-Regular.otf */; };
		67210874308B4BCBA23149A5 /* Montserrat-BlackItalic.otf in Resources */ = {isa = PBXBuildFile; fileRef = 808E01B2765242E893DDBE4E /* Montserrat-BlackItalic.otf */; };
		6D7EA2563DBDE19F52B9AE09 /* libPods-Newsworld.a in Frameworks */ = {isa = PBXBuildFile; fileRef = A2E140D480304E89B89ADF26 /* libPods-Newsworld.a */; };
		7390584700CB4435882198F9 /* Montserrat-LightItalic.otf in Resources */ = {isa = PBXBuildFile; fileRef = 1B74FFE69DC4450E97A25A47 /* Montserrat-LightItalic.otf */; };
		764F2E589F8645918957980B /* CabinetGrotesk-Variable.ttf in Resources */ = {isa = PBXBuildFile; fileRef = 8D50ACA380644FFCB8B59D2E /* CabinetGrotesk-Variable.ttf */; };
		866511DD8F014EC3A924AF9E /* Montserrat-VariableItalic.ttf in Resources */ = {isa = PBXBuildFile; fileRef = 313750F44CE84D1B88A2296B /* Montserrat-VariableItalic.ttf */; };
		8B915CB938DF411B84896E3C /* Montserrat-Black.otf in Resources */ = {isa = PBXBuildFile; fileRef = F20DB7B2AB3F4A41AAD19A38 /* Montserrat-Black.otf */; };
		8C81D5DF2F1644ACBB8E4291 /* Montserrat-Variable.ttf in Resources */ = {isa = PBXBuildFile; fileRef = E27FC3B72E4E44B58D2624A1 /* Montserrat-Variable.ttf */; };
		AAFE936BF1E54D9FA146BE9B /* Montserrat-ExtraLightItalic.otf in Resources */ = {isa = PBXBuildFile; fileRef = 81D8D6D8E7094665815515F8 /* Montserrat-ExtraLightItalic.otf */; };
		AFC59FEF5C304123B12F53BB /* Montserrat-Italic.otf in Resources */ = {isa = PBXBuildFile; fileRef = 6452AE2B7B98400991CB45F8 /* Montserrat-Italic.otf */; };
		B22A309D4F2503D7BEF88DD4 /* PrivacyInfo.xcprivacy in Resources */ = {isa = PBXBuildFile; fileRef = 24ABA05F45F77E3A71286D81 /* PrivacyInfo.xcprivacy */; };
		B7A9FA3DCF414CA39B77C0A4 /* CabinetGrotesk-Black.otf in Resources */ = {isa = PBXBuildFile; fileRef = F6695F9BA3B6442EA7FF652C /* CabinetGrotesk-Black.otf */; };
		BB2F792D24A3F905000567C9 /* Expo.plist in Resources */ = {isa = PBXBuildFile; fileRef = BB2F792C24A3F905000567C9 /* Expo.plist */; };
		BE13E30586174DEBA5DF44EB /* Montserrat-ExtraBold.otf in Resources */ = {isa = PBXBuildFile; fileRef = 7ACA73144555411391CC9B19 /* Montserrat-ExtraBold.otf */; };
		C84C49608EF746BEA9393DF2 /* Montserrat-SemiBold.otf in Resources */ = {isa = PBXBuildFile; fileRef = F8B62D93C74744CB959193CD /* Montserrat-SemiBold.otf */; };
		CD7B09CF83954C1B9F15DE31 /* Montserrat-ExtraBoldItalic.otf in Resources */ = {isa = PBXBuildFile; fileRef = 7780D35B809D48AEBC9653D8 /* Montserrat-ExtraBoldItalic.otf */; };
		D598357661454AE5B5787F6A /* Montserrat-BoldItalic.otf in Resources */ = {isa = PBXBuildFile; fileRef = 6C83AE0B625D4EF3AF8BDCEB /* Montserrat-BoldItalic.otf */; };
		E76EFA8BC64244F4AB4F165C /* Montserrat-ThinItalic.otf in Resources */ = {isa = PBXBuildFile; fileRef = 8B111F6A13A84C19B0DBE83D /* Montserrat-ThinItalic.otf */; };
		F11748422D0307B40044C1D9 /* AppDelegate.swift in Sources */ = {isa = PBXBuildFile; fileRef = F11748412D0307B40044C1D9 /* AppDelegate.swift */; };
		F88CEF10B8B54814AEB1F585 /* CabinetGrotesk-Bold.otf in Resources */ = {isa = PBXBuildFile; fileRef = 4B31A24DA10D48BEAD84BDD7 /* CabinetGrotesk-Bold.otf */; };
		F99AC0592C8F4176BDCBC835 /* Montserrat-SemiBoldItalic.otf in Resources */ = {isa = PBXBuildFile; fileRef = F8FCC35520BD4D12AB734B0A /* Montserrat-SemiBoldItalic.otf */; };
		FE92693902884045BF38C9D6 /* CabinetGrotesk-Light.otf in Resources */ = {isa = PBXBuildFile; fileRef = 11F32C71067945F1BC47724D /* CabinetGrotesk-Light.otf */; };
/* End PBXBuildFile section */

/* Begin PBXFileReference section */
		07A4BE151B4241EBBA4C7D17 /* Montserrat-Light.otf */ = {isa = PBXFileReference; explicitFileType = undefined; fileEncoding = undefined; includeInIndex = 0; lastKnownFileType = unknown; name = "Montserrat-Light.otf"; path = "../assets/fonts/Montserrat-Light.otf"; sourceTree = "<group>"; };
		11F32C71067945F1BC47724D /* CabinetGrotesk-Light.otf */ = {isa = PBXFileReference; explicitFileType = undefined; fileEncoding = undefined; includeInIndex = 0; lastKnownFileType = unknown; name = "CabinetGrotesk-Light.otf"; path = "../assets/fonts/CabinetGrotesk-Light.otf"; sourceTree = "<group>"; };
		13B07F961A680F5B00A75B9A /* Newsworld.app */ = {isa = PBXFileReference; explicitFileType = wrapper.application; includeInIndex = 0; path = Newsworld.app; sourceTree = BUILT_PRODUCTS_DIR; };
		13B07FB51A68108700A75B9A /* Images.xcassets */ = {isa = PBXFileReference; lastKnownFileType = folder.assetcatalog; name = Images.xcassets; path = Newsworld/Images.xcassets; sourceTree = "<group>"; };
		13B07FB61A68108700A75B9A /* Info.plist */ = {isa = PBXFileReference; fileEncoding = 4; lastKnownFileType = text.plist.xml; name = Info.plist; path = Newsworld/Info.plist; sourceTree = "<group>"; };
		1B74FFE69DC4450E97A25A47 /* Montserrat-LightItalic.otf */ = {isa = PBXFileReference; explicitFileType = undefined; fileEncoding = undefined; includeInIndex = 0; lastKnownFileType = unknown; name = "Montserrat-LightItalic.otf"; path = "../assets/fonts/Montserrat-LightItalic.otf"; sourceTree = "<group>"; };
		24ABA05F45F77E3A71286D81 /* PrivacyInfo.xcprivacy */ = {isa = PBXFileReference; includeInIndex = 1; name = PrivacyInfo.xcprivacy; path = Newsworld/PrivacyInfo.xcprivacy; sourceTree = "<group>"; };
		29D983BE26F84311B9BF68E3 /* Montserrat-Thin.otf */ = {isa = PBXFileReference; explicitFileType = undefined; fileEncoding = undefined; includeInIndex = 0; lastKnownFileType = unknown; name = "Montserrat-Thin.otf"; path = "../assets/fonts/Montserrat-Thin.otf"; sourceTree = "<group>"; };
		313750F44CE84D1B88A2296B /* Montserrat-VariableItalic.ttf */ = {isa = PBXFileReference; explicitFileType = undefined; fileEncoding = undefined; includeInIndex = 0; lastKnownFileType = unknown; name = "Montserrat-VariableItalic.ttf"; path = "../assets/fonts/Montserrat-VariableItalic.ttf"; sourceTree = "<group>"; };
		3CC5A9B4B0B8469BA67D11BB /* Montserrat-MediumItalic.otf */ = {isa = PBXFileReference; explicitFileType = undefined; fileEncoding = undefined; includeInIndex = 0; lastKnownFileType = unknown; name = "Montserrat-MediumItalic.otf"; path = "../assets/fonts/Montserrat-MediumItalic.otf"; sourceTree = "<group>"; };
		4B31A24DA10D48BEAD84BDD7 /* CabinetGrotesk-Bold.otf */ = {isa = PBXFileReference; explicitFileType = undefined; fileEncoding = undefined; includeInIndex = 0; lastKnownFileType = unknown; name = "CabinetGrotesk-Bold.otf"; path = "../assets/fonts/CabinetGrotesk-Bold.otf"; sourceTree = "<group>"; };
		50E461B7F23CF21657D2BCED /* Pods-Newsworld.release.xcconfig */ = {isa = PBXFileReference; includeInIndex = 1; lastKnownFileType = text.xcconfig; name = "Pods-Newsworld.release.xcconfig"; path = "Target Support Files/Pods-Newsworld/Pods-Newsworld.release.xcconfig"; sourceTree = "<group>"; };
		57245A2F9D104A2AB8D9AC56 /* Montserrat-Regular.otf */ = {isa = PBXFileReference; explicitFileType = undefined; fileEncoding = undefined; includeInIndex = 0; lastKnownFileType = unknown; name = "Montserrat-Regular.otf"; path = "../assets/fonts/Montserrat-Regular.otf"; sourceTree = "<group>"; };
		6452AE2B7B98400991CB45F8 /* Montserrat-Italic.otf */ = {isa = PBXFileReference; explicitFileType = undefined; fileEncoding = undefined; includeInIndex = 0; lastKnownFileType = unknown; name = "Montserrat-Italic.otf"; path = "../assets/fonts/Montserrat-Italic.otf"; sourceTree = "<group>"; };
		66925E41CD1E4FEFA87A4587 /* Montserrat-Medium.otf */ = {isa = PBXFileReference; explicitFileType = undefined; fileEncoding = undefined; includeInIndex = 0; lastKnownFileType = unknown; name = "Montserrat-Medium.otf"; path = "../assets/fonts/Montserrat-Medium.otf"; sourceTree = "<group>"; };
		6C83AE0B625D4EF3AF8BDCEB /* Montserrat-BoldItalic.otf */ = {isa = PBXFileReference; explicitFileType = undefined; fileEncoding = undefined; includeInIndex = 0; lastKnownFileType = unknown; name = "Montserrat-BoldItalic.otf"; path = "../assets/fonts/Montserrat-BoldItalic.otf"; sourceTree = "<group>"; };
		6F4C3A00E70A4A7696B9EE05 /* Montserrat-ExtraLight.otf */ = {isa = PBXFileReference; explicitFileType = undefined; fileEncoding = undefined; includeInIndex = 0; lastKnownFileType = unknown; name = "Montserrat-ExtraLight.otf"; path = "../assets/fonts/Montserrat-ExtraLight.otf"; sourceTree = "<group>"; };
		6F903759EA9C4A318191F2E1 /* Montserrat-Bold.otf */ = {isa = PBXFileReference; explicitFileType = undefined; fileEncoding = undefined; includeInIndex = 0; lastKnownFileType = unknown; name = "Montserrat-Bold.otf"; path = "../assets/fonts/Montserrat-Bold.otf"; sourceTree = "<group>"; };
		7780D35B809D48AEBC9653D8 /* Montserrat-ExtraBoldItalic.otf */ = {isa = PBXFileReference; explicitFileType = undefined; fileEncoding = undefined; includeInIndex = 0; lastKnownFileType = unknown; name = "Montserrat-ExtraBoldItalic.otf"; path = "../assets/fonts/Montserrat-ExtraBoldItalic.otf"; sourceTree = "<group>"; };
		7ACA73144555411391CC9B19 /* Montserrat-ExtraBold.otf */ = {isa = PBXFileReference; explicitFileType = undefined; fileEncoding = undefined; includeInIndex = 0; lastKnownFileType = unknown; name = "Montserrat-ExtraBold.otf"; path = "../assets/fonts/Montserrat-ExtraBold.otf"; sourceTree = "<group>"; };
		808E01B2765242E893DDBE4E /* Montserrat-BlackItalic.otf */ = {isa = PBXFileReference; explicitFileType = undefined; fileEncoding = undefined; includeInIndex = 0; lastKnownFileType = unknown; name = "Montserrat-BlackItalic.otf"; path = "../assets/fonts/Montserrat-BlackItalic.otf"; sourceTree = "<group>"; };
		81D8D6D8E7094665815515F8 /* Montserrat-ExtraLightItalic.otf */ = {isa = PBXFileReference; explicitFileType = undefined; fileEncoding = undefined; includeInIndex = 0; lastKnownFileType = unknown; name = "Montserrat-ExtraLightItalic.otf"; path = "../assets/fonts/Montserrat-ExtraLightItalic.otf"; sourceTree = "<group>"; };
		8B111F6A13A84C19B0DBE83D /* Montserrat-ThinItalic.otf */ = {isa = PBXFileReference; explicitFileType = undefined; fileEncoding = undefined; includeInIndex = 0; lastKnownFileType = unknown; name = "Montserrat-ThinItalic.otf"; path = "../assets/fonts/Montserrat-ThinItalic.otf"; sourceTree = "<group>"; };
		8D50ACA380644FFCB8B59D2E /* CabinetGrotesk-Variable.ttf */ = {isa = PBXFileReference; explicitFileType = undefined; fileEncoding = undefined; includeInIndex = 0; lastKnownFileType = unknown; name = "CabinetGrotesk-Variable.ttf"; path = "../assets/fonts/CabinetGrotesk-Variable.ttf"; sourceTree = "<group>"; };
		A2E140D480304E89B89ADF26 /* libPods-Newsworld.a */ = {isa = PBXFileReference; explicitFileType = archive.ar; includeInIndex = 0; path = "libPods-Newsworld.a"; sourceTree = BUILT_PRODUCTS_DIR; };
		AA286B85B6C04FC6940260E9 /* SplashScreen.storyboard */ = {isa = PBXFileReference; fileEncoding = 4; lastKnownFileType = file.storyboard; name = SplashScreen.storyboard; path = Newsworld/SplashScreen.storyboard; sourceTree = "<group>"; };
		B4C0F1AC4C8C4E02A88D2D70 /* CabinetGrotesk-Extrabold.otf */ = {isa = PBXFileReference; explicitFileType = undefined; fileEncoding = undefined; includeInIndex = 0; lastKnownFileType = unknown; name = "CabinetGrotesk-Extrabold.otf"; path = "../assets/fonts/CabinetGrotesk-Extrabold.otf"; sourceTree = "<group>"; };
		BB2F792C24A3F905000567C9 /* Expo.plist */ = {isa = PBXFileReference; fileEncoding = 4; lastKnownFileType = text.plist.xml; path = Expo.plist; sourceTree = "<group>"; };
		BBE286D6F45FC78257B5C7D6 /* Pods-Newsworld.debug.xcconfig */ = {isa = PBXFileReference; includeInIndex = 1; lastKnownFileType = text.xcconfig; name = "Pods-Newsworld.debug.xcconfig"; path = "Target Support Files/Pods-Newsworld/Pods-Newsworld.debug.xcconfig"; sourceTree = "<group>"; };
		BD0D70A36BE168D3BED4526E /* ExpoModulesProvider.swift */ = {isa = PBXFileReference; includeInIndex = 1; lastKnownFileType = sourcecode.swift; name = ExpoModulesProvider.swift; path = "Pods/Target Support Files/Pods-Newsworld/ExpoModulesProvider.swift"; sourceTree = "<group>"; };
		C19DD58E23564E9FBA139A6C /* CabinetGrotesk-Medium.otf */ = {isa = PBXFileReference; explicitFileType = undefined; fileEncoding = undefined; includeInIndex = 0; lastKnownFileType = unknown; name = "CabinetGrotesk-Medium.otf"; path = "../assets/fonts/CabinetGrotesk-Medium.otf"; sourceTree = "<group>"; };
		E27FC3B72E4E44B58D2624A1 /* Montserrat-Variable.ttf */ = {isa = PBXFileReference; explicitFileType = undefined; fileEncoding = undefined; includeInIndex = 0; lastKnownFileType = unknown; name = "Montserrat-Variable.ttf"; path = "../assets/fonts/Montserrat-Variable.ttf"; sourceTree = "<group>"; };
		E2F2BA02F3E742488410D912 /* CabinetGrotesk-Extralight.otf */ = {isa = PBXFileReference; explicitFileType = undefined; fileEncoding = undefined; includeInIndex = 0; lastKnownFileType = unknown; name = "CabinetGrotesk-Extralight.otf"; path = "../assets/fonts/CabinetGrotesk-Extralight.otf"; sourceTree = "<group>"; };
		E38F967040EB4D31B0F9C4A1 /* CabinetGrotesk-Regular.otf */ = {isa = PBXFileReference; explicitFileType = undefined; fileEncoding = undefined; includeInIndex = 0; lastKnownFileType = unknown; name = "CabinetGrotesk-Regular.otf"; path = "../assets/fonts/CabinetGrotesk-Regular.otf"; sourceTree = "<group>"; };
		ED297162215061F000B7C4FE /* JavaScriptCore.framework */ = {isa = PBXFileReference; lastKnownFileType = wrapper.framework; name = JavaScriptCore.framework; path = System/Library/Frameworks/JavaScriptCore.framework; sourceTree = SDKROOT; };
		F11748412D0307B40044C1D9 /* AppDelegate.swift */ = {isa = PBXFileReference; lastKnownFileType = sourcecode.swift; name = AppDelegate.swift; path = Newsworld/AppDelegate.swift; sourceTree = "<group>"; };
		F11748442D0722820044C1D9 /* Newsworld-Bridging-Header.h */ = {isa = PBXFileReference; lastKnownFileType = sourcecode.c.h; name = "Newsworld-Bridging-Header.h"; path = "Newsworld/Newsworld-Bridging-Header.h"; sourceTree = "<group>"; };
		F20DB7B2AB3F4A41AAD19A38 /* Montserrat-Black.otf */ = {isa = PBXFileReference; explicitFileType = undefined; fileEncoding = undefined; includeInIndex = 0; lastKnownFileType = unknown; name = "Montserrat-Black.otf"; path = "../assets/fonts/Montserrat-Black.otf"; sourceTree = "<group>"; };
		F6695F9BA3B6442EA7FF652C /* CabinetGrotesk-Black.otf */ = {isa = PBXFileReference; explicitFileType = undefined; fileEncoding = undefined; includeInIndex = 0; lastKnownFileType = unknown; name = "CabinetGrotesk-Black.otf"; path = "../assets/fonts/CabinetGrotesk-Black.otf"; sourceTree = "<group>"; };
		F8B62D93C74744CB959193CD /* Montserrat-SemiBold.otf */ = {isa = PBXFileReference; explicitFileType = undefined; fileEncoding = undefined; includeInIndex = 0; lastKnownFileType = unknown; name = "Montserrat-SemiBold.otf"; path = "../assets/fonts/Montserrat-SemiBold.otf"; sourceTree = "<group>"; };
		F8FCC35520BD4D12AB734B0A /* Montserrat-SemiBoldItalic.otf */ = {isa = PBXFileReference; explicitFileType = undefined; fileEncoding = undefined; includeInIndex = 0; lastKnownFileType = unknown; name = "Montserrat-SemiBoldItalic.otf"; path = "../assets/fonts/Montserrat-SemiBoldItalic.otf"; sourceTree = "<group>"; };
		FF1E6B2FA4624FB78246C38F /* CabinetGrotesk-Thin.otf */ = {isa = PBXFileReference; explicitFileType = undefined; fileEncoding = undefined; includeInIndex = 0; lastKnownFileType = unknown; name = "CabinetGrotesk-Thin.otf"; path = "../assets/fonts/CabinetGrotesk-Thin.otf"; sourceTree = "<group>"; };
/* End PBXFileReference section */

/* Begin PBXFrameworksBuildPhase section */
		13B07F8C1A680F5B00A75B9A /* Frameworks */ = {
			isa = PBXFrameworksBuildPhase;
			buildActionMask = 2147483647;
			files = (
				6D7EA2563DBDE19F52B9AE09 /* libPods-Newsworld.a in Frameworks */,
			);
			runOnlyForDeploymentPostprocessing = 0;
		};
/* End PBXFrameworksBuildPhase section */

/* Begin PBXGroup section */
		13B07FAE1A68108700A75B9A /* Newsworld */ = {
			isa = PBXGroup;
			children = (
				F11748412D0307B40044C1D9 /* AppDelegate.swift */,
				F11748442D0722820044C1D9 /* Newsworld-Bridging-Header.h */,
				BB2F792B24A3F905000567C9 /* Supporting */,
				13B07FB51A68108700A75B9A /* Images.xcassets */,
				13B07FB61A68108700A75B9A /* Info.plist */,
				AA286B85B6C04FC6940260E9 /* SplashScreen.storyboard */,
				24ABA05F45F77E3A71286D81 /* PrivacyInfo.xcprivacy */,
			);
			name = Newsworld;
			sourceTree = "<group>";
		};
		2D16E6871FA4F8E400B85C8A /* Frameworks */ = {
			isa = PBXGroup;
			children = (
				ED297162215061F000B7C4FE /* JavaScriptCore.framework */,
				A2E140D480304E89B89ADF26 /* libPods-Newsworld.a */,
			);
			name = Frameworks;
			sourceTree = "<group>";
		};
		5DC3A2B004AD0612932113F2 /* ExpoModulesProviders */ = {
			isa = PBXGroup;
			children = (
				C7666BC6EF11E1E09B7B8F54 /* Newsworld */,
			);
			name = ExpoModulesProviders;
			sourceTree = "<group>";
		};
		832341AE1AAA6A7D00B99B32 /* Libraries */ = {
			isa = PBXGroup;
			children = (
			);
			name = Libraries;
			sourceTree = "<group>";
		};
		83CBB9F61A601CBA00E9B192 = {
			isa = PBXGroup;
			children = (
				13B07FAE1A68108700A75B9A /* Newsworld */,
				832341AE1AAA6A7D00B99B32 /* Libraries */,
				83CBBA001A601CBA00E9B192 /* Products */,
				2D16E6871FA4F8E400B85C8A /* Frameworks */,
				FEB01BDC9E0245DDB4961C0D /* Resources */,
				FE6DF33CF8E84708F02AACFC /* Pods */,
				5DC3A2B004AD0612932113F2 /* ExpoModulesProviders */,
			);
			indentWidth = 2;
			sourceTree = "<group>";
			tabWidth = 2;
			usesTabs = 0;
		};
		83CBBA001A601CBA00E9B192 /* Products */ = {
			isa = PBXGroup;
			children = (
				13B07F961A680F5B00A75B9A /* Newsworld.app */,
			);
			name = Products;
			sourceTree = "<group>";
		};
		BB2F792B24A3F905000567C9 /* Supporting */ = {
			isa = PBXGroup;
			children = (
				BB2F792C24A3F905000567C9 /* Expo.plist */,
			);
			name = Supporting;
			path = Newsworld/Supporting;
			sourceTree = "<group>";
		};
		C7666BC6EF11E1E09B7B8F54 /* Newsworld */ = {
			isa = PBXGroup;
			children = (
				BD0D70A36BE168D3BED4526E /* ExpoModulesProvider.swift */,
			);
			name = Newsworld;
			sourceTree = "<group>";
		};
		FE6DF33CF8E84708F02AACFC /* Pods */ = {
			isa = PBXGroup;
			children = (
				BBE286D6F45FC78257B5C7D6 /* Pods-Newsworld.debug.xcconfig */,
				50E461B7F23CF21657D2BCED /* Pods-Newsworld.release.xcconfig */,
			);
			name = Pods;
			path = Pods;
			sourceTree = "<group>";
		};
		FEB01BDC9E0245DDB4961C0D /* Resources */ = {
			isa = PBXGroup;
			children = (
				F6695F9BA3B6442EA7FF652C /* CabinetGrotesk-Black.otf */,
				4B31A24DA10D48BEAD84BDD7 /* CabinetGrotesk-Bold.otf */,
				B4C0F1AC4C8C4E02A88D2D70 /* CabinetGrotesk-Extrabold.otf */,
				E2F2BA02F3E742488410D912 /* CabinetGrotesk-Extralight.otf */,
				11F32C71067945F1BC47724D /* CabinetGrotesk-Light.otf */,
				C19DD58E23564E9FBA139A6C /* CabinetGrotesk-Medium.otf */,
				E38F967040EB4D31B0F9C4A1 /* CabinetGrotesk-Regular.otf */,
				FF1E6B2FA4624FB78246C38F /* CabinetGrotesk-Thin.otf */,
				8D50ACA380644FFCB8B59D2E /* CabinetGrotesk-Variable.ttf */,
				F20DB7B2AB3F4A41AAD19A38 /* Montserrat-Black.otf */,
				808E01B2765242E893DDBE4E /* Montserrat-BlackItalic.otf */,
				6F903759EA9C4A318191F2E1 /* Montserrat-Bold.otf */,
				6C83AE0B625D4EF3AF8BDCEB /* Montserrat-BoldItalic.otf */,
				7ACA73144555411391CC9B19 /* Montserrat-ExtraBold.otf */,
				7780D35B809D48AEBC9653D8 /* Montserrat-ExtraBoldItalic.otf */,
				6F4C3A00E70A4A7696B9EE05 /* Montserrat-ExtraLight.otf */,
				81D8D6D8E7094665815515F8 /* Montserrat-ExtraLightItalic.otf */,
				6452AE2B7B98400991CB45F8 /* Montserrat-Italic.otf */,
				07A4BE151B4241EBBA4C7D17 /* Montserrat-Light.otf */,
				1B74FFE69DC4450E97A25A47 /* Montserrat-LightItalic.otf */,
				66925E41CD1E4FEFA87A4587 /* Montserrat-Medium.otf */,
				3CC5A9B4B0B8469BA67D11BB /* Montserrat-MediumItalic.otf */,
				57245A2F9D104A2AB8D9AC56 /* Montserrat-Regular.otf */,
				F8B62D93C74744CB959193CD /* Montserrat-SemiBold.otf */,
				F8FCC35520BD4D12AB734B0A /* Montserrat-SemiBoldItalic.otf */,
				29D983BE26F84311B9BF68E3 /* Montserrat-Thin.otf */,
				8B111F6A13A84C19B0DBE83D /* Montserrat-ThinItalic.otf */,
				E27FC3B72E4E44B58D2624A1 /* Montserrat-Variable.ttf */,
				313750F44CE84D1B88A2296B /* Montserrat-VariableItalic.ttf */,
			);
			name = Resources;
			path = "";
			sourceTree = "<group>";
		};
/* End PBXGroup section */

/* Begin PBXNativeTarget section */
		13B07F861A680F5B00A75B9A /* Newsworld */ = {
			isa = PBXNativeTarget;
			buildConfigurationList = 13B07F931A680F5B00A75B9A /* Build configuration list for PBXNativeTarget "Newsworld" */;
			buildPhases = (
				08A4A3CD28434E44B6B9DE2E /* [CP] Check Pods Manifest.lock */,
				A5B6628CBC7D815F3D49D36E /* [Expo] Configure project */,
				13B07F871A680F5B00A75B9A /* Sources */,
				13B07F8C1A680F5B00A75B9A /* Frameworks */,
				13B07F8E1A680F5B00A75B9A /* Resources */,
				00DD1BFF1BD5951E006B06BC /* Bundle React Native code and images */,
				800E24972A6A228C8D4807E9 /* [CP] Copy Pods Resources */,
				C21A19C32063221DD96C5DE4 /* [CP] Embed Pods Frameworks */,
			);
			buildRules = (
			);
			dependencies = (
			);
			name = Newsworld;
			productName = Newsworld;
			productReference = 13B07F961A680F5B00A75B9A /* Newsworld.app */;
			productType = "com.apple.product-type.application";
		};
/* End PBXNativeTarget section */

/* Begin PBXProject section */
		83CBB9F71A601CBA00E9B192 /* Project object */ = {
			isa = PBXProject;
			attributes = {
				LastUpgradeCheck = 1130;
				TargetAttributes = {
					13B07F861A680F5B00A75B9A = {
						LastSwiftMigration = 1250;
					};
				};
			};
			buildConfigurationList = 83CBB9FA1A601CBA00E9B192 /* Build configuration list for PBXProject "Newsworld" */;
			compatibilityVersion = "Xcode 3.2";
			developmentRegion = en;
			hasScannedForEncodings = 0;
			knownRegions = (
				en,
				Base,
			);
			mainGroup = 83CBB9F61A601CBA00E9B192;
			productRefGroup = 83CBBA001A601CBA00E9B192 /* Products */;
			projectDirPath = "";
			projectRoot = "";
			targets = (
				13B07F861A680F5B00A75B9A /* Newsworld */,
			);
		};
/* End PBXProject section */

/* Begin PBXResourcesBuildPhase section */
		13B07F8E1A680F5B00A75B9A /* Resources */ = {
			isa = PBXResourcesBuildPhase;
			buildActionMask = 2147483647;
			files = (
				BB2F792D24A3F905000567C9 /* Expo.plist in Resources */,
				13B07FBF1A68108700A75B9A /* Images.xcassets in Resources */,
				3E461D99554A48A4959DE609 /* SplashScreen.storyboard in Resources */,
				B7A9FA3DCF414CA39B77C0A4 /* CabinetGrotesk-Black.otf in Resources */,
				F88CEF10B8B54814AEB1F585 /* CabinetGrotesk-Bold.otf in Resources */,
				23ADB366308B461FADECBA21 /* CabinetGrotesk-Extrabold.otf in Resources */,
				0D575E51BF0A468B9CBFDDFD /* CabinetGrotesk-Extralight.otf in Resources */,
				FE92693902884045BF38C9D6 /* CabinetGrotesk-Light.otf in Resources */,
				28CCDE4B23E849EBAE080B21 /* CabinetGrotesk-Medium.otf in Resources */,
				1A485ED1AF014EEFB7F1FDC0 /* CabinetGrotesk-Regular.otf in Resources */,
				29F56DC474AF4BCAB630EE9B /* CabinetGrotesk-Thin.otf in Resources */,
				764F2E589F8645918957980B /* CabinetGrotesk-Variable.ttf in Resources */,
				8B915CB938DF411B84896E3C /* Montserrat-Black.otf in Resources */,
				67210874308B4BCBA23149A5 /* Montserrat-BlackItalic.otf in Resources */,
				3692C1BED37742D39F514ADE /* Montserrat-Bold.otf in Resources */,
				D598357661454AE5B5787F6A /* Montserrat-BoldItalic.otf in Resources */,
				BE13E30586174DEBA5DF44EB /* Montserrat-ExtraBold.otf in Resources */,
				CD7B09CF83954C1B9F15DE31 /* Montserrat-ExtraBoldItalic.otf in Resources */,
				4EDFF5B7D68A47A388C5E161 /* Montserrat-ExtraLight.otf in Resources */,
				AAFE936BF1E54D9FA146BE9B /* Montserrat-ExtraLightItalic.otf in Resources */,
				AFC59FEF5C304123B12F53BB /* Montserrat-Italic.otf in Resources */,
				257420C273B643D7A152D99C /* Montserrat-Light.otf in Resources */,
				7390584700CB4435882198F9 /* Montserrat-LightItalic.otf in Resources */,
				1C0400CC003942CEA8D6D36A /* Montserrat-Medium.otf in Resources */,
				20DB77866E5040C4A9631769 /* Montserrat-MediumItalic.otf in Resources */,
				55254BC2144A43F7A7F4A9F1 /* Montserrat-Regular.otf in Resources */,
				C84C49608EF746BEA9393DF2 /* Montserrat-SemiBold.otf in Resources */,
				F99AC0592C8F4176BDCBC835 /* Montserrat-SemiBoldItalic.otf in Resources */,
				18298EDFA83442118DACCA37 /* Montserrat-Thin.otf in Resources */,
				E76EFA8BC64244F4AB4F165C /* Montserrat-ThinItalic.otf in Resources */,
				8C81D5DF2F1644ACBB8E4291 /* Montserrat-Variable.ttf in Resources */,
				866511DD8F014EC3A924AF9E /* Montserrat-VariableItalic.ttf in Resources */,
				B22A309D4F2503D7BEF88DD4 /* PrivacyInfo.xcprivacy in Resources */,
			);
			runOnlyForDeploymentPostprocessing = 0;
		};
/* End PBXResourcesBuildPhase section */

/* Begin PBXShellScriptBuildPhase section */
		00DD1BFF1BD5951E006B06BC /* Bundle React Native code and images */ = {
			isa = PBXShellScriptBuildPhase;
			alwaysOutOfDate = 1;
			buildActionMask = 2147483647;
			files = (
			);
			inputPaths = (
			);
			name = "Bundle React Native code and images";
			outputPaths = (
			);
			runOnlyForDeploymentPostprocessing = 0;
			shellPath = /bin/sh;
			shellScript = "if [[ -f \"$PODS_ROOT/../.xcode.env\" ]]; then\n  source \"$PODS_ROOT/../.xcode.env\"\nfi\nif [[ -f \"$PODS_ROOT/../.xcode.env.local\" ]]; then\n  source \"$PODS_ROOT/../.xcode.env.local\"\nfi\n\n# The project root by default is one level up from the ios directory\nexport PROJECT_ROOT=\"$PROJECT_DIR\"/..\n\nif [[ \"$CONFIGURATION\" = *Debug* ]]; then\n  export SKIP_BUNDLING=1\nfi\nif [[ -z \"$ENTRY_FILE\" ]]; then\n  # Set the entry JS file using the bundler's entry resolution.\n  export ENTRY_FILE=\"$(\"$NODE_BINARY\" -e \"require('expo/scripts/resolveAppEntry')\" \"$PROJECT_ROOT\" ios absolute | tail -n 1)\"\nfi\n\nif [[ -z \"$CLI_PATH\" ]]; then\n  # Use Expo CLI\n  export CLI_PATH=\"$(\"$NODE_BINARY\" --print \"require.resolve('@expo/cli', { paths: [require.resolve('expo/package.json')] })\")\"\nfi\nif [[ -z \"$BUNDLE_COMMAND\" ]]; then\n  # Default Expo CLI command for bundling\n  export BUNDLE_COMMAND=\"export:embed\"\nfi\n\n# Source .xcode.env.updates if it exists to allow\n# SKIP_BUNDLING to be unset if needed\nif [[ -f \"$PODS_ROOT/../.xcode.env.updates\" ]]; then\n  source \"$PODS_ROOT/../.xcode.env.updates\"\nfi\n# Source local changes to allow overrides\n# if needed\nif [[ -f \"$PODS_ROOT/../.xcode.env.local\" ]]; then\n  source \"$PODS_ROOT/../.xcode.env.local\"\nfi\n\n`\"$NODE_BINARY\" --print \"require('path').dirname(require.resolve('react-native/package.json')) + '/scripts/react-native-xcode.sh'\"`\n\n";
		};
		08A4A3CD28434E44B6B9DE2E /* [CP] Check Pods Manifest.lock */ = {
			isa = PBXShellScriptBuildPhase;
			buildActionMask = 2147483647;
			files = (
			);
			inputFileListPaths = (
			);
			inputPaths = (
				"${PODS_PODFILE_DIR_PATH}/Podfile.lock",
				"${PODS_ROOT}/Manifest.lock",
			);
			name = "[CP] Check Pods Manifest.lock";
			outputFileListPaths = (
			);
			outputPaths = (
				"$(DERIVED_FILE_DIR)/Pods-Newsworld-checkManifestLockResult.txt",
			);
			runOnlyForDeploymentPostprocessing = 0;
			shellPath = /bin/sh;
			shellScript = "diff \"${PODS_PODFILE_DIR_PATH}/Podfile.lock\" \"${PODS_ROOT}/Manifest.lock\" > /dev/null\nif [ $? != 0 ] ; then\n    # print error to STDERR\n    echo \"error: The sandbox is not in sync with the Podfile.lock. Run 'pod install' or update your CocoaPods installation.\" >&2\n    exit 1\nfi\n# This output is used by Xcode 'outputs' to avoid re-running this script phase.\necho \"SUCCESS\" > \"${SCRIPT_OUTPUT_FILE_0}\"\n";
			showEnvVarsInLog = 0;
		};
		800E24972A6A228C8D4807E9 /* [CP] Copy Pods Resources */ = {
			isa = PBXShellScriptBuildPhase;
			buildActionMask = 2147483647;
			files = (
			);
			inputPaths = (
				"${PODS_ROOT}/Target Support Files/Pods-Newsworld/Pods-Newsworld-resources.sh",
				"${PODS_CONFIGURATION_BUILD_DIR}/EXConstants/EXConstants.bundle",
				"${PODS_CONFIGURATION_BUILD_DIR}/EXConstants/ExpoConstants_privacy.bundle",
				"${PODS_CONFIGURATION_BUILD_DIR}/ExpoFileSystem/ExpoFileSystem_privacy.bundle",
				"${PODS_CONFIGURATION_BUILD_DIR}/ExpoSystemUI/ExpoSystemUI_privacy.bundle",
				"${PODS_CONFIGURATION_BUILD_DIR}/RCT-Folly/RCT-Folly_privacy.bundle",
				"${PODS_CONFIGURATION_BUILD_DIR}/RNCAsyncStorage/RNCAsyncStorage_resources.bundle",
				"${PODS_CONFIGURATION_BUILD_DIR}/React-Core/React-Core_privacy.bundle",
				"${PODS_CONFIGURATION_BUILD_DIR}/React-cxxreact/React-cxxreact_privacy.bundle",
				"${PODS_CONFIGURATION_BUILD_DIR}/SDWebImage/SDWebImage.bundle",
				"${PODS_CONFIGURATION_BUILD_DIR}/boost/boost_privacy.bundle",
				"${PODS_CONFIGURATION_BUILD_DIR}/expo-dev-launcher/EXDevLauncher.bundle",
				"${PODS_CONFIGURATION_BUILD_DIR}/expo-dev-menu/EXDevMenu.bundle",
				"${PODS_CONFIGURATION_BUILD_DIR}/glog/glog_privacy.bundle",
			);
			name = "[CP] Copy Pods Resources";
			outputPaths = (
				"${TARGET_BUILD_DIR}/${UNLOCALIZED_RESOURCES_FOLDER_PATH}/EXConstants.bundle",
				"${TARGET_BUILD_DIR}/${UNLOCALIZED_RESOURCES_FOLDER_PATH}/ExpoConstants_privacy.bundle",
				"${TARGET_BUILD_DIR}/${UNLOCALIZED_RESOURCES_FOLDER_PATH}/ExpoFileSystem_privacy.bundle",
				"${TARGET_BUILD_DIR}/${UNLOCALIZED_RESOURCES_FOLDER_PATH}/ExpoSystemUI_privacy.bundle",
				"${TARGET_BUILD_DIR}/${UNLOCALIZED_RESOURCES_FOLDER_PATH}/RCT-Folly_privacy.bundle",
				"${TARGET_BUILD_DIR}/${UNLOCALIZED_RESOURCES_FOLDER_PATH}/RNCAsyncStorage_resources.bundle",
				"${TARGET_BUILD_DIR}/${UNLOCALIZED_RESOURCES_FOLDER_PATH}/React-Core_privacy.bundle",
				"${TARGET_BUILD_DIR}/${UNLOCALIZED_RESOURCES_FOLDER_PATH}/React-cxxreact_privacy.bundle",
				"${TARGET_BUILD_DIR}/${UNLOCALIZED_RESOURCES_FOLDER_PATH}/SDWebImage.bundle",
				"${TARGET_BUILD_DIR}/${UNLOCALIZED_RESOURCES_FOLDER_PATH}/boost_privacy.bundle",
				"${TARGET_BUILD_DIR}/${UNLOCALIZED_RESOURCES_FOLDER_PATH}/EXDevLauncher.bundle",
				"${TARGET_BUILD_DIR}/${UNLOCALIZED_RESOURCES_FOLDER_PATH}/EXDevMenu.bundle",
				"${TARGET_BUILD_DIR}/${UNLOCALIZED_RESOURCES_FOLDER_PATH}/glog_privacy.bundle",
			);
			runOnlyForDeploymentPostprocessing = 0;
			shellPath = /bin/sh;
			shellScript = "\"${PODS_ROOT}/Target Support Files/Pods-Newsworld/Pods-Newsworld-resources.sh\"\n";
			showEnvVarsInLog = 0;
		};
		A5B6628CBC7D815F3D49D36E /* [Expo] Configure project */ = {
			isa = PBXShellScriptBuildPhase;
			alwaysOutOfDate = 1;
			buildActionMask = 2147483647;
			files = (
			);
			inputFileListPaths = (
			);
			inputPaths = (
			);
			name = "[Expo] Configure project";
			outputFileListPaths = (
			);
			outputPaths = (
			);
			runOnlyForDeploymentPostprocessing = 0;
			shellPath = /bin/sh;
			shellScript = "# This script configures Expo modules and generates the modules provider file.\nbash -l -c \"./Pods/Target\\ Support\\ Files/Pods-Newsworld/expo-configure-project.sh\"\n";
		};
		C21A19C32063221DD96C5DE4 /* [CP] Embed Pods Frameworks */ = {
			isa = PBXShellScriptBuildPhase;
			buildActionMask = 2147483647;
			files = (
			);
			inputPaths = (
				"${PODS_ROOT}/Target Support Files/Pods-Newsworld/Pods-Newsworld-frameworks.sh",
				"${PODS_XCFRAMEWORKS_BUILD_DIR}/hermes-engine/Pre-built/hermes.framework/hermes",
			);
			name = "[CP] Embed Pods Frameworks";
			outputPaths = (
				"${TARGET_BUILD_DIR}/${FRAMEWORKS_FOLDER_PATH}/hermes.framework",
			);
			runOnlyForDeploymentPostprocessing = 0;
			shellPath = /bin/sh;
			shellScript = "\"${PODS_ROOT}/Target Support Files/Pods-Newsworld/Pods-Newsworld-frameworks.sh\"\n";
			showEnvVarsInLog = 0;
		};
/* End PBXShellScriptBuildPhase section */

/* Begin PBXSourcesBuildPhase section */
		13B07F871A680F5B00A75B9A /* Sources */ = {
			isa = PBXSourcesBuildPhase;
			buildActionMask = 2147483647;
			files = (
				F11748422D0307B40044C1D9 /* AppDelegate.swift in Sources */,
				4C0774730AD0584E350C7C8C /* ExpoModulesProvider.swift in Sources */,
			);
			runOnlyForDeploymentPostprocessing = 0;
		};
/* End PBXSourcesBuildPhase section */

/* Begin XCBuildConfiguration section */
		13B07F941A680F5B00A75B9A /* Debug */ = {
			isa = XCBuildConfiguration;
			baseConfigurationReference = BBE286D6F45FC78257B5C7D6 /* Pods-Newsworld.debug.xcconfig */;
			buildSettings = {
				ASSETCATALOG_COMPILER_APPICON_NAME = AppIcon;
				CLANG_ENABLE_MODULES = YES;
				CODE_SIGN_ENTITLEMENTS = Newsworld/Newsworld.entitlements;
				CURRENT_PROJECT_VERSION = 1;
				ENABLE_BITCODE = NO;
				GCC_PREPROCESSOR_DEFINITIONS = (
					"$(inherited)",
					"FB_SONARKIT_ENABLED=1",
				);
				INFOPLIST_FILE = Newsworld/Info.plist;
				IPHONEOS_DEPLOYMENT_TARGET = 15.1;
				LD_RUNPATH_SEARCH_PATHS = (
					"$(inherited)",
					"@executable_path/Frameworks",
				);
				MARKETING_VERSION = 1.0;
				OTHER_LDFLAGS = (
					"$(inherited)",
					"-ObjC",
					"-lc++",
				);
				OTHER_SWIFT_FLAGS = "$(inherited) -D EXPO_CONFIGURATION_DEBUG";
				PRODUCT_BUNDLE_IDENTIFIER = com.joshcodes.newslite;
				PRODUCT_NAME = Newsworld;
				SWIFT_OBJC_BRIDGING_HEADER = "Newsworld/Newsworld-Bridging-Header.h";
				SWIFT_OPTIMIZATION_LEVEL = "-Onone";
				SWIFT_VERSION = 5.0;
				TARGETED_DEVICE_FAMILY = "1,2";
				VERSIONING_SYSTEM = "apple-generic";
			};
			name = Debug;
		};
		13B07F951A680F5B00A75B9A /* Release */ = {
			isa = XCBuildConfiguration;
			baseConfigurationReference = 50E461B7F23CF21657D2BCED /* Pods-Newsworld.release.xcconfig */;
			buildSettings = {
				ASSETCATALOG_COMPILER_APPICON_NAME = AppIcon;
				CLANG_ENABLE_MODULES = YES;
				CODE_SIGN_ENTITLEMENTS = Newsworld/Newsworld.entitlements;
				CURRENT_PROJECT_VERSION = 1;
				INFOPLIST_FILE = Newsworld/Info.plist;
				IPHONEOS_DEPLOYMENT_TARGET = 15.1;
				LD_RUNPATH_SEARCH_PATHS = (
					"$(inherited)",
					"@executable_path/Frameworks",
				);
				MARKETING_VERSION = 1.0;
				OTHER_LDFLAGS = (
					"$(inherited)",
					"-ObjC",
					"-lc++",
				);
				OTHER_SWIFT_FLAGS = "$(inherited) -D EXPO_CONFIGURATION_RELEASE";
				PRODUCT_BUNDLE_IDENTIFIER = com.joshcodes.newslite;
				PRODUCT_NAME = Newsworld;
				SWIFT_OBJC_BRIDGING_HEADER = "Newsworld/Newsworld-Bridging-Header.h";
				SWIFT_VERSION = 5.0;
				TARGETED_DEVICE_FAMILY = "1,2";
				VERSIONING_SYSTEM = "apple-generic";
			};
			name = Release;
		};
		83CBBA201A601CBA00E9B192 /* Debug */ = {
			isa = XCBuildConfiguration;
			buildSettings = {
				ALWAYS_SEARCH_USER_PATHS = NO;
				CLANG_ANALYZER_LOCALIZABILITY_NONLOCALIZED = YES;
				CLANG_CXX_LANGUAGE_STANDARD = "c++20";
				CLANG_CXX_LIBRARY = "libc++";
				CLANG_ENABLE_MODULES = YES;
				CLANG_ENABLE_OBJC_ARC = YES;
				CLANG_WARN_BLOCK_CAPTURE_AUTORELEASING = YES;
				CLANG_WARN_BOOL_CONVERSION = YES;
				CLANG_WARN_COMMA = YES;
				CLANG_WARN_CONSTANT_CONVERSION = YES;
				CLANG_WARN_DEPRECATED_OBJC_IMPLEMENTATIONS = YES;
				CLANG_WARN_DIRECT_OBJC_ISA_USAGE = YES_ERROR;
				CLANG_WARN_EMPTY_BODY = YES;
				CLANG_WARN_ENUM_CONVERSION = YES;
				CLANG_WARN_INFINITE_RECURSION = YES;
				CLANG_WARN_INT_CONVERSION = YES;
				CLANG_WARN_NON_LITERAL_NULL_CONVERSION = YES;
				CLANG_WARN_OBJC_IMPLICIT_RETAIN_SELF = YES;
				CLANG_WARN_OBJC_LITERAL_CONVERSION = YES;
				CLANG_WARN_OBJC_ROOT_CLASS = YES_ERROR;
				CLANG_WARN_RANGE_LOOP_ANALYSIS = YES;
				CLANG_WARN_STRICT_PROTOTYPES = YES;
				CLANG_WARN_SUSPICIOUS_MOVE = YES;
				CLANG_WARN_UNREACHABLE_CODE = YES;
				CLANG_WARN__DUPLICATE_METHOD_MATCH = YES;
				"CODE_SIGN_IDENTITY[sdk=iphoneos*]" = "iPhone Developer";
				COPY_PHASE_STRIP = NO;
				ENABLE_STRICT_OBJC_MSGSEND = YES;
				ENABLE_TESTABILITY = YES;
				GCC_C_LANGUAGE_STANDARD = gnu99;
				GCC_DYNAMIC_NO_PIC = NO;
				GCC_NO_COMMON_BLOCKS = YES;
				GCC_OPTIMIZATION_LEVEL = 0;
				GCC_PREPROCESSOR_DEFINITIONS = (
					"DEBUG=1",
					"$(inherited)",
				);
				GCC_SYMBOLS_PRIVATE_EXTERN = NO;
				GCC_WARN_64_TO_32_BIT_CONVERSION = YES;
				GCC_WARN_ABOUT_RETURN_TYPE = YES_ERROR;
				GCC_WARN_UNDECLARED_SELECTOR = YES;
				GCC_WARN_UNINITIALIZED_AUTOS = YES_AGGRESSIVE;
				GCC_WARN_UNUSED_FUNCTION = YES;
				GCC_WARN_UNUSED_VARIABLE = YES;
				IPHONEOS_DEPLOYMENT_TARGET = 15.1;
				LD_RUNPATH_SEARCH_PATHS = (
					/usr/lib/swift,
					"$(inherited)",
				);
				LIBRARY_SEARCH_PATHS = "$(SDKROOT)/usr/lib/swift\"$(inherited)\"";
				MTL_ENABLE_DEBUG_INFO = YES;
				ONLY_ACTIVE_ARCH = YES;
				OTHER_LDFLAGS = (
					"$(inherited)",
					" ",
				);
				REACT_NATIVE_PATH = "${PODS_ROOT}/../../node_modules/react-native";
				SDKROOT = iphoneos;
				SWIFT_ACTIVE_COMPILATION_CONDITIONS = "$(inherited) DEBUG";
				USE_HERMES = true;
			};
			name = Debug;
		};
		83CBBA211A601CBA00E9B192 /* Release */ = {
			isa = XCBuildConfiguration;
			buildSettings = {
				ALWAYS_SEARCH_USER_PATHS = NO;
				CLANG_ANALYZER_LOCALIZABILITY_NONLOCALIZED = YES;
				CLANG_CXX_LANGUAGE_STANDARD = "c++20";
				CLANG_CXX_LIBRARY = "libc++";
				CLANG_ENABLE_MODULES = YES;
				CLANG_ENABLE_OBJC_ARC = YES;
				CLANG_WARN_BLOCK_CAPTURE_AUTORELEASING = YES;
				CLANG_WARN_BOOL_CONVERSION = YES;
				CLANG_WARN_COMMA = YES;
				CLANG_WARN_CONSTANT_CONVERSION = YES;
				CLANG_WARN_DEPRECATED_OBJC_IMPLEMENTATIONS = YES;
				CLANG_WARN_DIRECT_OBJC_ISA_USAGE = YES_ERROR;
				CLANG_WARN_EMPTY_BODY = YES;
				CLANG_WARN_ENUM_CONVERSION = YES;
				CLANG_WARN_INFINITE_RECURSION = YES;
				CLANG_WARN_INT_CONVERSION = YES;
				CLANG_WARN_NON_LITERAL_NULL_CONVERSION = YES;
				CLANG_WARN_OBJC_IMPLICIT_RETAIN_SELF = YES;
				CLANG_WARN_OBJC_LITERAL_CONVERSION = YES;
				CLANG_WARN_OBJC_ROOT_CLASS = YES_ERROR;
				CLANG_WARN_RANGE_LOOP_ANALYSIS = YES;
				CLANG_WARN_STRICT_PROTOTYPES = YES;
				CLANG_WARN_SUSPICIOUS_MOVE = YES;
				CLANG_WARN_UNREACHABLE_CODE = YES;
				CLANG_WARN__DUPLICATE_METHOD_MATCH = YES;
				"CODE_SIGN_IDENTITY[sdk=iphoneos*]" = "iPhone Developer";
				COPY_PHASE_STRIP = YES;
				ENABLE_NS_ASSERTIONS = NO;
				ENABLE_STRICT_OBJC_MSGSEND = YES;
				GCC_C_LANGUAGE_STANDARD = gnu99;
				GCC_NO_COMMON_BLOCKS = YES;
				GCC_WARN_64_TO_32_BIT_CONVERSION = YES;
				GCC_WARN_ABOUT_RETURN_TYPE = YES_ERROR;
				GCC_WARN_UNDECLARED_SELECTOR = YES;
				GCC_WARN_UNINITIALIZED_AUTOS = YES_AGGRESSIVE;
				GCC_WARN_UNUSED_FUNCTION = YES;
				GCC_WARN_UNUSED_VARIABLE = YES;
				IPHONEOS_DEPLOYMENT_TARGET = 15.1;
				LD_RUNPATH_SEARCH_PATHS = (
					/usr/lib/swift,
					"$(inherited)",
				);
				LIBRARY_SEARCH_PATHS = "$(SDKROOT)/usr/lib/swift\"$(inherited)\"";
				MTL_ENABLE_DEBUG_INFO = NO;
				OTHER_LDFLAGS = (
					"$(inherited)",
					" ",
				);
				REACT_NATIVE_PATH = "${PODS_ROOT}/../../node_modules/react-native";
				SDKROOT = iphoneos;
				USE_HERMES = true;
				VALIDATE_PRODUCT = YES;
			};
			name = Release;
		};
/* End XCBuildConfiguration section */

/* Begin XCConfigurationList section */
		13B07F931A680F5B00A75B9A /* Build configuration list for PBXNativeTarget "Newsworld" */ = {
			isa = XCConfigurationList;
			buildConfigurations = (
				13B07F941A680F5B00A75B9A /* Debug */,
				13B07F951A680F5B00A75B9A /* Release */,
			);
			defaultConfigurationIsVisible = 0;
			defaultConfigurationName = Release;
		};
		83CBB9FA1A601CBA00E9B192 /* Build configuration list for PBXProject "Newsworld" */ = {
			isa = XCConfigurationList;
			buildConfigurations = (
				83CBBA201A601CBA00E9B192 /* Debug */,
				83CBBA211A601CBA00E9B192 /* Release */,
			);
			defaultConfigurationIsVisible = 0;
			defaultConfigurationName = Release;
		};
/* End XCConfigurationList section */
	};
	rootObject = 83CBB9F71A601CBA00E9B192 /* Project object */;
}
