// !$*UTF8*$!
{
	archiveVersion = 1;
	classes = {
	};
	objectVersion = 54;
	objects = {

/* Begin PBXBuildFile section */
		0655323FD6BE4719BBC6B5FF /* Montserrat-VariableItalic.ttf in Resources */ = {isa = PBXBuildFile; fileRef = 4CEEB1BAF7F142AC9D38FF2F /* Montserrat-VariableItalic.ttf */; };
		091EDCB0CE6E48E488751D42 /* CabinetGrotesk-Light.otf in Resources */ = {isa = PBXBuildFile; fileRef = E832D5A306EF41AF867EA2AF /* CabinetGrotesk-Light.otf */; };
		1072D4054D6744168B2403BE /* Montserrat-Regular.otf in Resources */ = {isa = PBXBuildFile; fileRef = D66A4072C69A444483265D79 /* Montserrat-Regular.otf */; };
		124D886FF69940D1B368343B /* Montserrat-Medium.otf in Resources */ = {isa = PBXBuildFile; fileRef = D2BC7C5EFC914EAE95950981 /* Montserrat-Medium.otf */; };
		13B07FBF1A68108700A75B9A /* Images.xcassets in Resources */ = {isa = PBXBuildFile; fileRef = 13B07FB51A68108700A75B9A /* Images.xcassets */; };
		16D569827AD039242F27E221 /* libPods-NEWSWORLD.a in Frameworks */ = {isa = PBXBuildFile; fileRef = B070E9133DAADE7594C4D09E /* libPods-NEWSWORLD.a */; };
		1A0153C274A542EFABD57FAD /* Montserrat-ExtraBoldItalic.otf in Resources */ = {isa = PBXBuildFile; fileRef = B44FCFF877A84B319C55F65C /* Montserrat-ExtraBoldItalic.otf */; };
		1CB8A0B1B9B14BA6B41C9D5B /* Montserrat-Bold.otf in Resources */ = {isa = PBXBuildFile; fileRef = E918E54F9CE54717B6C67577 /* Montserrat-Bold.otf */; };
		25AB1CA4FE07412E966F7481 /* CabinetGrotesk-Medium.otf in Resources */ = {isa = PBXBuildFile; fileRef = 1E2CB2373EA743BE80E082BD /* CabinetGrotesk-Medium.otf */; };
		29A79A4CA8E344C6B6D6A832 /* Montserrat-MediumItalic.otf in Resources */ = {isa = PBXBuildFile; fileRef = 514721F10A3040A7AC643A8C /* Montserrat-MediumItalic.otf */; };
		31DC5B276DF549A69EBD4537 /* Montserrat-Italic.otf in Resources */ = {isa = PBXBuildFile; fileRef = 8F78D0C74FA04EA2ADE53457 /* Montserrat-Italic.otf */; };
		399925F9FD894C6C8B42598A /* CabinetGrotesk-Variable.ttf in Resources */ = {isa = PBXBuildFile; fileRef = C2865730CDC94B47A0EC4B41 /* CabinetGrotesk-Variable.ttf */; };
		39B56CD51E8943C9947CA401 /* CabinetGrotesk-Thin.otf in Resources */ = {isa = PBXBuildFile; fileRef = 85420D0E35E244A28E0BC64F /* CabinetGrotesk-Thin.otf */; };
		3E461D99554A48A4959DE609 /* SplashScreen.storyboard in Resources */ = {isa = PBXBuildFile; fileRef = AA286B85B6C04FC6940260E9 /* SplashScreen.storyboard */; };
		4F54CB9E0CD74714B351DBFF /* CabinetGrotesk-Extrabold.otf in Resources */ = {isa = PBXBuildFile; fileRef = 3DB6BDEDC08B4F17B2CEF5E3 /* CabinetGrotesk-Extrabold.otf */; };
		4F585A999CE14D90BAD75B3C /* Montserrat-SemiBoldItalic.otf in Resources */ = {isa = PBXBuildFile; fileRef = 8A5AFD5C71964ED484FF0207 /* Montserrat-SemiBoldItalic.otf */; };
		686EB973335548C5A7EE727B /* Montserrat-Variable.ttf in Resources */ = {isa = PBXBuildFile; fileRef = 44926F99EC2A4B65862C9598 /* Montserrat-Variable.ttf */; };
		6BFC734DE8C7440095D033E7 /* Montserrat-BoldItalic.otf in Resources */ = {isa = PBXBuildFile; fileRef = E2724D7ABAB54AF79DB32DA4 /* Montserrat-BoldItalic.otf */; };
		6E88387856E94633B15B0814 /* Montserrat-Thin.otf in Resources */ = {isa = PBXBuildFile; fileRef = 5C3686DA234E4FCC8A779E98 /* Montserrat-Thin.otf */; };
		82435D3D77F5A3FAD5A1852A /* PrivacyInfo.xcprivacy in Resources */ = {isa = PBXBuildFile; fileRef = 20E74014211639DF9D245FC8 /* PrivacyInfo.xcprivacy */; };
		8500D878703E46A48BB7681C /* CabinetGrotesk-Extralight.otf in Resources */ = {isa = PBXBuildFile; fileRef = 1BB5E03956AF494AA8D47B69 /* CabinetGrotesk-Extralight.otf */; };
		A1473C8AD46CF2A6488A672B /* ExpoModulesProvider.swift in Sources */ = {isa = PBXBuildFile; fileRef = 3EF8638BDF470F158595224E /* ExpoModulesProvider.swift */; };
		A588DCF0022C4BA58F4AFE3A /* Montserrat-Black.otf in Resources */ = {isa = PBXBuildFile; fileRef = 74130C0482E3441FBC105F1D /* Montserrat-Black.otf */; };
		BB2F792D24A3F905000567C9 /* Expo.plist in Resources */ = {isa = PBXBuildFile; fileRef = BB2F792C24A3F905000567C9 /* Expo.plist */; };
		BFBE483872774F00AAF17395 /* Montserrat-ThinItalic.otf in Resources */ = {isa = PBXBuildFile; fileRef = 82904AF25E40443DA1D59F77 /* Montserrat-ThinItalic.otf */; };
		C440D51DB89E4C37A44CFD0B /* Montserrat-SemiBold.otf in Resources */ = {isa = PBXBuildFile; fileRef = CC0F37F05072437497360583 /* Montserrat-SemiBold.otf */; };
		CE31F606CFDC40919F70AE80 /* CabinetGrotesk-Black.otf in Resources */ = {isa = PBXBuildFile; fileRef = CD6BCCA0225447DAA2E87957 /* CabinetGrotesk-Black.otf */; };
		CF6520258E4049E68C506116 /* CabinetGrotesk-Regular.otf in Resources */ = {isa = PBXBuildFile; fileRef = 66384BA0A6C346458ADA7131 /* CabinetGrotesk-Regular.otf */; };
		D5699CB95C8041AA8BA5D888 /* Montserrat-ExtraBold.otf in Resources */ = {isa = PBXBuildFile; fileRef = B7B4D2CFEEAE4BA5BE63D1A1 /* Montserrat-ExtraBold.otf */; };
		E1C4796387F34F728418E954 /* Montserrat-ExtraLightItalic.otf in Resources */ = {isa = PBXBuildFile; fileRef = 6C7CEE3F2C9042C9B8F97958 /* Montserrat-ExtraLightItalic.otf */; };
		E1CA04BE290E42618CF79D0F /* Montserrat-LightItalic.otf in Resources */ = {isa = PBXBuildFile; fileRef = 1EB42E036DE948F6A0DE56CE /* Montserrat-LightItalic.otf */; };
		E43AF610512D46BAB390D680 /* Montserrat-ExtraLight.otf in Resources */ = {isa = PBXBuildFile; fileRef = 43CAF543488840889367D241 /* Montserrat-ExtraLight.otf */; };
		E891A208A48F4C299383FC8E /* Montserrat-BlackItalic.otf in Resources */ = {isa = PBXBuildFile; fileRef = A5BD8D11425747159FFB555E /* Montserrat-BlackItalic.otf */; };
		F11748422D0307B40044C1D9 /* AppDelegate.swift in Sources */ = {isa = PBXBuildFile; fileRef = F11748412D0307B40044C1D9 /* AppDelegate.swift */; };
		F7A5AA4A0E794529AE012205 /* CabinetGrotesk-Bold.otf in Resources */ = {isa = PBXBuildFile; fileRef = 4630BDC550ED44BFB3B59885 /* CabinetGrotesk-Bold.otf */; };
		FDEF7FD0AA2E44E9AB3FFF5C /* Montserrat-Light.otf in Resources */ = {isa = PBXBuildFile; fileRef = 66948C034D49412DBB62B87B /* Montserrat-Light.otf */; };
/* End PBXBuildFile section */

/* Begin PBXFileReference section */
		13B07F961A680F5B00A75B9A /* NEWSWORLD.app */ = {isa = PBXFileReference; explicitFileType = wrapper.application; includeInIndex = 0; path = NEWSWORLD.app; sourceTree = BUILT_PRODUCTS_DIR; };
		13B07FB51A68108700A75B9A /* Images.xcassets */ = {isa = PBXFileReference; lastKnownFileType = folder.assetcatalog; name = Images.xcassets; path = NEWSWORLD/Images.xcassets; sourceTree = "<group>"; };
		13B07FB61A68108700A75B9A /* Info.plist */ = {isa = PBXFileReference; fileEncoding = 4; lastKnownFileType = text.plist.xml; name = Info.plist; path = NEWSWORLD/Info.plist; sourceTree = "<group>"; };
		1BB5E03956AF494AA8D47B69 /* CabinetGrotesk-Extralight.otf */ = {isa = PBXFileReference; explicitFileType = undefined; fileEncoding = undefined; includeInIndex = 0; lastKnownFileType = unknown; name = "CabinetGrotesk-Extralight.otf"; path = "../assets/fonts/CabinetGrotesk-Extralight.otf"; sourceTree = "<group>"; };
		1E2CB2373EA743BE80E082BD /* CabinetGrotesk-Medium.otf */ = {isa = PBXFileReference; explicitFileType = undefined; fileEncoding = undefined; includeInIndex = 0; lastKnownFileType = unknown; name = "CabinetGrotesk-Medium.otf"; path = "../assets/fonts/CabinetGrotesk-Medium.otf"; sourceTree = "<group>"; };
		1EB42E036DE948F6A0DE56CE /* Montserrat-LightItalic.otf */ = {isa = PBXFileReference; explicitFileType = undefined; fileEncoding = undefined; includeInIndex = 0; lastKnownFileType = unknown; name = "Montserrat-LightItalic.otf"; path = "../assets/fonts/Montserrat-LightItalic.otf"; sourceTree = "<group>"; };
		20E74014211639DF9D245FC8 /* PrivacyInfo.xcprivacy */ = {isa = PBXFileReference; includeInIndex = 1; name = PrivacyInfo.xcprivacy; path = NEWSWORLD/PrivacyInfo.xcprivacy; sourceTree = "<group>"; };
		3DB6BDEDC08B4F17B2CEF5E3 /* CabinetGrotesk-Extrabold.otf */ = {isa = PBXFileReference; explicitFileType = undefined; fileEncoding = undefined; includeInIndex = 0; lastKnownFileType = unknown; name = "CabinetGrotesk-Extrabold.otf"; path = "../assets/fonts/CabinetGrotesk-Extrabold.otf"; sourceTree = "<group>"; };
		3EF8638BDF470F158595224E /* ExpoModulesProvider.swift */ = {isa = PBXFileReference; includeInIndex = 1; lastKnownFileType = sourcecode.swift; name = ExpoModulesProvider.swift; path = "Pods/Target Support Files/Pods-NEWSWORLD/ExpoModulesProvider.swift"; sourceTree = "<group>"; };
		43CAF543488840889367D241 /* Montserrat-ExtraLight.otf */ = {isa = PBXFileReference; explicitFileType = undefined; fileEncoding = undefined; includeInIndex = 0; lastKnownFileType = unknown; name = "Montserrat-ExtraLight.otf"; path = "../assets/fonts/Montserrat-ExtraLight.otf"; sourceTree = "<group>"; };
		44926F99EC2A4B65862C9598 /* Montserrat-Variable.ttf */ = {isa = PBXFileReference; explicitFileType = undefined; fileEncoding = undefined; includeInIndex = 0; lastKnownFileType = unknown; name = "Montserrat-Variable.ttf"; path = "../assets/fonts/Montserrat-Variable.ttf"; sourceTree = "<group>"; };
		4630BDC550ED44BFB3B59885 /* CabinetGrotesk-Bold.otf */ = {isa = PBXFileReference; explicitFileType = undefined; fileEncoding = undefined; includeInIndex = 0; lastKnownFileType = unknown; name = "CabinetGrotesk-Bold.otf"; path = "../assets/fonts/CabinetGrotesk-Bold.otf"; sourceTree = "<group>"; };
		4CEEB1BAF7F142AC9D38FF2F /* Montserrat-VariableItalic.ttf */ = {isa = PBXFileReference; explicitFileType = undefined; fileEncoding = undefined; includeInIndex = 0; lastKnownFileType = unknown; name = "Montserrat-VariableItalic.ttf"; path = "../assets/fonts/Montserrat-VariableItalic.ttf"; sourceTree = "<group>"; };
		514721F10A3040A7AC643A8C /* Montserrat-MediumItalic.otf */ = {isa = PBXFileReference; explicitFileType = undefined; fileEncoding = undefined; includeInIndex = 0; lastKnownFileType = unknown; name = "Montserrat-MediumItalic.otf"; path = "../assets/fonts/Montserrat-MediumItalic.otf"; sourceTree = "<group>"; };
		5C3686DA234E4FCC8A779E98 /* Montserrat-Thin.otf */ = {isa = PBXFileReference; explicitFileType = undefined; fileEncoding = undefined; includeInIndex = 0; lastKnownFileType = unknown; name = "Montserrat-Thin.otf"; path = "../assets/fonts/Montserrat-Thin.otf"; sourceTree = "<group>"; };
		66384BA0A6C346458ADA7131 /* CabinetGrotesk-Regular.otf */ = {isa = PBXFileReference; explicitFileType = undefined; fileEncoding = undefined; includeInIndex = 0; lastKnownFileType = unknown; name = "CabinetGrotesk-Regular.otf"; path = "../assets/fonts/CabinetGrotesk-Regular.otf"; sourceTree = "<group>"; };
		66948C034D49412DBB62B87B /* Montserrat-Light.otf */ = {isa = PBXFileReference; explicitFileType = undefined; fileEncoding = undefined; includeInIndex = 0; lastKnownFileType = unknown; name = "Montserrat-Light.otf"; path = "../assets/fonts/Montserrat-Light.otf"; sourceTree = "<group>"; };
		6C7CEE3F2C9042C9B8F97958 /* Montserrat-ExtraLightItalic.otf */ = {isa = PBXFileReference; explicitFileType = undefined; fileEncoding = undefined; includeInIndex = 0; lastKnownFileType = unknown; name = "Montserrat-ExtraLightItalic.otf"; path = "../assets/fonts/Montserrat-ExtraLightItalic.otf"; sourceTree = "<group>"; };
		74130C0482E3441FBC105F1D /* Montserrat-Black.otf */ = {isa = PBXFileReference; explicitFileType = undefined; fileEncoding = undefined; includeInIndex = 0; lastKnownFileType = unknown; name = "Montserrat-Black.otf"; path = "../assets/fonts/Montserrat-Black.otf"; sourceTree = "<group>"; };
		82904AF25E40443DA1D59F77 /* Montserrat-ThinItalic.otf */ = {isa = PBXFileReference; explicitFileType = undefined; fileEncoding = undefined; includeInIndex = 0; lastKnownFileType = unknown; name = "Montserrat-ThinItalic.otf"; path = "../assets/fonts/Montserrat-ThinItalic.otf"; sourceTree = "<group>"; };
		85420D0E35E244A28E0BC64F /* CabinetGrotesk-Thin.otf */ = {isa = PBXFileReference; explicitFileType = undefined; fileEncoding = undefined; includeInIndex = 0; lastKnownFileType = unknown; name = "CabinetGrotesk-Thin.otf"; path = "../assets/fonts/CabinetGrotesk-Thin.otf"; sourceTree = "<group>"; };
		8A5AFD5C71964ED484FF0207 /* Montserrat-SemiBoldItalic.otf */ = {isa = PBXFileReference; explicitFileType = undefined; fileEncoding = undefined; includeInIndex = 0; lastKnownFileType = unknown; name = "Montserrat-SemiBoldItalic.otf"; path = "../assets/fonts/Montserrat-SemiBoldItalic.otf"; sourceTree = "<group>"; };
		8F78D0C74FA04EA2ADE53457 /* Montserrat-Italic.otf */ = {isa = PBXFileReference; explicitFileType = undefined; fileEncoding = undefined; includeInIndex = 0; lastKnownFileType = unknown; name = "Montserrat-Italic.otf"; path = "../assets/fonts/Montserrat-Italic.otf"; sourceTree = "<group>"; };
		A5BD8D11425747159FFB555E /* Montserrat-BlackItalic.otf */ = {isa = PBXFileReference; explicitFileType = undefined; fileEncoding = undefined; includeInIndex = 0; lastKnownFileType = unknown; name = "Montserrat-BlackItalic.otf"; path = "../assets/fonts/Montserrat-BlackItalic.otf"; sourceTree = "<group>"; };
		AA286B85B6C04FC6940260E9 /* SplashScreen.storyboard */ = {isa = PBXFileReference; fileEncoding = 4; lastKnownFileType = file.storyboard; name = SplashScreen.storyboard; path = NEWSWORLD/SplashScreen.storyboard; sourceTree = "<group>"; };
		B070E9133DAADE7594C4D09E /* libPods-NEWSWORLD.a */ = {isa = PBXFileReference; explicitFileType = archive.ar; includeInIndex = 0; path = "libPods-NEWSWORLD.a"; sourceTree = BUILT_PRODUCTS_DIR; };
		B07110051C1E0B6C0D23D41C /* Pods-NEWSWORLD.release.xcconfig */ = {isa = PBXFileReference; includeInIndex = 1; lastKnownFileType = text.xcconfig; name = "Pods-NEWSWORLD.release.xcconfig"; path = "Target Support Files/Pods-NEWSWORLD/Pods-NEWSWORLD.release.xcconfig"; sourceTree = "<group>"; };
		B44FCFF877A84B319C55F65C /* Montserrat-ExtraBoldItalic.otf */ = {isa = PBXFileReference; explicitFileType = undefined; fileEncoding = undefined; includeInIndex = 0; lastKnownFileType = unknown; name = "Montserrat-ExtraBoldItalic.otf"; path = "../assets/fonts/Montserrat-ExtraBoldItalic.otf"; sourceTree = "<group>"; };
		B7B4D2CFEEAE4BA5BE63D1A1 /* Montserrat-ExtraBold.otf */ = {isa = PBXFileReference; explicitFileType = undefined; fileEncoding = undefined; includeInIndex = 0; lastKnownFileType = unknown; name = "Montserrat-ExtraBold.otf"; path = "../assets/fonts/Montserrat-ExtraBold.otf"; sourceTree = "<group>"; };
		BB2F792C24A3F905000567C9 /* Expo.plist */ = {isa = PBXFileReference; fileEncoding = 4; lastKnownFileType = text.plist.xml; path = Expo.plist; sourceTree = "<group>"; };
		C2865730CDC94B47A0EC4B41 /* CabinetGrotesk-Variable.ttf */ = {isa = PBXFileReference; explicitFileType = undefined; fileEncoding = undefined; includeInIndex = 0; lastKnownFileType = unknown; name = "CabinetGrotesk-Variable.ttf"; path = "../assets/fonts/CabinetGrotesk-Variable.ttf"; sourceTree = "<group>"; };
		CC0F37F05072437497360583 /* Montserrat-SemiBold.otf */ = {isa = PBXFileReference; explicitFileType = undefined; fileEncoding = undefined; includeInIndex = 0; lastKnownFileType = unknown; name = "Montserrat-SemiBold.otf"; path = "../assets/fonts/Montserrat-SemiBold.otf"; sourceTree = "<group>"; };
		CD6BCCA0225447DAA2E87957 /* CabinetGrotesk-Black.otf */ = {isa = PBXFileReference; explicitFileType = undefined; fileEncoding = undefined; includeInIndex = 0; lastKnownFileType = unknown; name = "CabinetGrotesk-Black.otf"; path = "../assets/fonts/CabinetGrotesk-Black.otf"; sourceTree = "<group>"; };
		D2BC7C5EFC914EAE95950981 /* Montserrat-Medium.otf */ = {isa = PBXFileReference; explicitFileType = undefined; fileEncoding = undefined; includeInIndex = 0; lastKnownFileType = unknown; name = "Montserrat-Medium.otf"; path = "../assets/fonts/Montserrat-Medium.otf"; sourceTree = "<group>"; };
		D66A4072C69A444483265D79 /* Montserrat-Regular.otf */ = {isa = PBXFileReference; explicitFileType = undefined; fileEncoding = undefined; includeInIndex = 0; lastKnownFileType = unknown; name = "Montserrat-Regular.otf"; path = "../assets/fonts/Montserrat-Regular.otf"; sourceTree = "<group>"; };
		E2724D7ABAB54AF79DB32DA4 /* Montserrat-BoldItalic.otf */ = {isa = PBXFileReference; explicitFileType = undefined; fileEncoding = undefined; includeInIndex = 0; lastKnownFileType = unknown; name = "Montserrat-BoldItalic.otf"; path = "../assets/fonts/Montserrat-BoldItalic.otf"; sourceTree = "<group>"; };
		E832D5A306EF41AF867EA2AF /* CabinetGrotesk-Light.otf */ = {isa = PBXFileReference; explicitFileType = undefined; fileEncoding = undefined; includeInIndex = 0; lastKnownFileType = unknown; name = "CabinetGrotesk-Light.otf"; path = "../assets/fonts/CabinetGrotesk-Light.otf"; sourceTree = "<group>"; };
		E918E54F9CE54717B6C67577 /* Montserrat-Bold.otf */ = {isa = PBXFileReference; explicitFileType = undefined; fileEncoding = undefined; includeInIndex = 0; lastKnownFileType = unknown; name = "Montserrat-Bold.otf"; path = "../assets/fonts/Montserrat-Bold.otf"; sourceTree = "<group>"; };
		ED297162215061F000B7C4FE /* JavaScriptCore.framework */ = {isa = PBXFileReference; lastKnownFileType = wrapper.framework; name = JavaScriptCore.framework; path = System/Library/Frameworks/JavaScriptCore.framework; sourceTree = SDKROOT; };
		F11748412D0307B40044C1D9 /* AppDelegate.swift */ = {isa = PBXFileReference; lastKnownFileType = sourcecode.swift; name = AppDelegate.swift; path = NEWSWORLD/AppDelegate.swift; sourceTree = "<group>"; };
		F11748442D0722820044C1D9 /* NEWSWORLD-Bridging-Header.h */ = {isa = PBXFileReference; lastKnownFileType = sourcecode.c.h; name = "NEWSWORLD-Bridging-Header.h"; path = "NEWSWORLD/NEWSWORLD-Bridging-Header.h"; sourceTree = "<group>"; };
		F69615DFE050CC5A676890D8 /* Pods-NEWSWORLD.debug.xcconfig */ = {isa = PBXFileReference; includeInIndex = 1; lastKnownFileType = text.xcconfig; name = "Pods-NEWSWORLD.debug.xcconfig"; path = "Target Support Files/Pods-NEWSWORLD/Pods-NEWSWORLD.debug.xcconfig"; sourceTree = "<group>"; };
/* End PBXFileReference section */

/* Begin PBXFrameworksBuildPhase section */
		13B07F8C1A680F5B00A75B9A /* Frameworks */ = {
			isa = PBXFrameworksBuildPhase;
			buildActionMask = 2147483647;
			files = (
				16D569827AD039242F27E221 /* libPods-NEWSWORLD.a in Frameworks */,
			);
			runOnlyForDeploymentPostprocessing = 0;
		};
/* End PBXFrameworksBuildPhase section */

/* Begin PBXGroup section */
		00C99E89DFBA45118324AA78 /* Resources */ = {
			isa = PBXGroup;
			children = (
				CD6BCCA0225447DAA2E87957 /* CabinetGrotesk-Black.otf */,
				4630BDC550ED44BFB3B59885 /* CabinetGrotesk-Bold.otf */,
				3DB6BDEDC08B4F17B2CEF5E3 /* CabinetGrotesk-Extrabold.otf */,
				1BB5E03956AF494AA8D47B69 /* CabinetGrotesk-Extralight.otf */,
				E832D5A306EF41AF867EA2AF /* CabinetGrotesk-Light.otf */,
				1E2CB2373EA743BE80E082BD /* CabinetGrotesk-Medium.otf */,
				66384BA0A6C346458ADA7131 /* CabinetGrotesk-Regular.otf */,
				85420D0E35E244A28E0BC64F /* CabinetGrotesk-Thin.otf */,
				C2865730CDC94B47A0EC4B41 /* CabinetGrotesk-Variable.ttf */,
				74130C0482E3441FBC105F1D /* Montserrat-Black.otf */,
				A5BD8D11425747159FFB555E /* Montserrat-BlackItalic.otf */,
				E918E54F9CE54717B6C67577 /* Montserrat-Bold.otf */,
				E2724D7ABAB54AF79DB32DA4 /* Montserrat-BoldItalic.otf */,
				B7B4D2CFEEAE4BA5BE63D1A1 /* Montserrat-ExtraBold.otf */,
				B44FCFF877A84B319C55F65C /* Montserrat-ExtraBoldItalic.otf */,
				43CAF543488840889367D241 /* Montserrat-ExtraLight.otf */,
				6C7CEE3F2C9042C9B8F97958 /* Montserrat-ExtraLightItalic.otf */,
				8F78D0C74FA04EA2ADE53457 /* Montserrat-Italic.otf */,
				66948C034D49412DBB62B87B /* Montserrat-Light.otf */,
				1EB42E036DE948F6A0DE56CE /* Montserrat-LightItalic.otf */,
				D2BC7C5EFC914EAE95950981 /* Montserrat-Medium.otf */,
				514721F10A3040A7AC643A8C /* Montserrat-MediumItalic.otf */,
				D66A4072C69A444483265D79 /* Montserrat-Regular.otf */,
				CC0F37F05072437497360583 /* Montserrat-SemiBold.otf */,
				8A5AFD5C71964ED484FF0207 /* Montserrat-SemiBoldItalic.otf */,
				5C3686DA234E4FCC8A779E98 /* Montserrat-Thin.otf */,
				82904AF25E40443DA1D59F77 /* Montserrat-ThinItalic.otf */,
				44926F99EC2A4B65862C9598 /* Montserrat-Variable.ttf */,
				4CEEB1BAF7F142AC9D38FF2F /* Montserrat-VariableItalic.ttf */,
			);
			name = Resources;
			path = "";
			sourceTree = "<group>";
		};
		1100D1CA7709AF820BE372BF /* NEWSWORLD */ = {
			isa = PBXGroup;
			children = (
				3EF8638BDF470F158595224E /* ExpoModulesProvider.swift */,
			);
			name = NEWSWORLD;
			sourceTree = "<group>";
		};
		13B07FAE1A68108700A75B9A /* NEWSWORLD */ = {
			isa = PBXGroup;
			children = (
				F11748412D0307B40044C1D9 /* AppDelegate.swift */,
				F11748442D0722820044C1D9 /* NEWSWORLD-Bridging-Header.h */,
				BB2F792B24A3F905000567C9 /* Supporting */,
				13B07FB51A68108700A75B9A /* Images.xcassets */,
				13B07FB61A68108700A75B9A /* Info.plist */,
				AA286B85B6C04FC6940260E9 /* SplashScreen.storyboard */,
				20E74014211639DF9D245FC8 /* PrivacyInfo.xcprivacy */,
			);
			name = NEWSWORLD;
			sourceTree = "<group>";
		};
		2D16E6871FA4F8E400B85C8A /* Frameworks */ = {
			isa = PBXGroup;
			children = (
				ED297162215061F000B7C4FE /* JavaScriptCore.framework */,
				B070E9133DAADE7594C4D09E /* libPods-NEWSWORLD.a */,
			);
			name = Frameworks;
			sourceTree = "<group>";
		};
		62BD524CD01F955E11523457 /* Pods */ = {
			isa = PBXGroup;
			children = (
				F69615DFE050CC5A676890D8 /* Pods-NEWSWORLD.debug.xcconfig */,
				B07110051C1E0B6C0D23D41C /* Pods-NEWSWORLD.release.xcconfig */,
			);
			name = Pods;
			path = Pods;
			sourceTree = "<group>";
		};
		832341AE1AAA6A7D00B99B32 /* Libraries */ = {
			isa = PBXGroup;
			children = (
			);
			name = Libraries;
			sourceTree = "<group>";
		};
		83CBB9F61A601CBA00E9B192 = {
			isa = PBXGroup;
			children = (
				13B07FAE1A68108700A75B9A /* NEWSWORLD */,
				832341AE1AAA6A7D00B99B32 /* Libraries */,
				83CBBA001A601CBA00E9B192 /* Products */,
				2D16E6871FA4F8E400B85C8A /* Frameworks */,
				00C99E89DFBA45118324AA78 /* Resources */,
				62BD524CD01F955E11523457 /* Pods */,
				CA1887E4A09C4AF694349710 /* ExpoModulesProviders */,
			);
			indentWidth = 2;
			sourceTree = "<group>";
			tabWidth = 2;
			usesTabs = 0;
		};
		83CBBA001A601CBA00E9B192 /* Products */ = {
			isa = PBXGroup;
			children = (
				13B07F961A680F5B00A75B9A /* NEWSWORLD.app */,
			);
			name = Products;
			sourceTree = "<group>";
		};
		BB2F792B24A3F905000567C9 /* Supporting */ = {
			isa = PBXGroup;
			children = (
				BB2F792C24A3F905000567C9 /* Expo.plist */,
			);
			name = Supporting;
			path = NEWSWORLD/Supporting;
			sourceTree = "<group>";
		};
		CA1887E4A09C4AF694349710 /* ExpoModulesProviders */ = {
			isa = PBXGroup;
			children = (
				1100D1CA7709AF820BE372BF /* NEWSWORLD */,
			);
			name = ExpoModulesProviders;
			sourceTree = "<group>";
		};
/* End PBXGroup section */

/* Begin PBXNativeTarget section */
		13B07F861A680F5B00A75B9A /* NEWSWORLD */ = {
			isa = PBXNativeTarget;
			buildConfigurationList = 13B07F931A680F5B00A75B9A /* Build configuration list for PBXNativeTarget "NEWSWORLD" */;
			buildPhases = (
				08A4A3CD28434E44B6B9DE2E /* [CP] Check Pods Manifest.lock */,
				C9C5177CD815C2DEFBDE869C /* [Expo] Configure project */,
				13B07F871A680F5B00A75B9A /* Sources */,
				13B07F8C1A680F5B00A75B9A /* Frameworks */,
				13B07F8E1A680F5B00A75B9A /* Resources */,
				00DD1BFF1BD5951E006B06BC /* Bundle React Native code and images */,
				800E24972A6A228C8D4807E9 /* [CP] Copy Pods Resources */,
				25D47F24DD3C81997D112166 /* [CP] Embed Pods Frameworks */,
			);
			buildRules = (
			);
			dependencies = (
			);
			name = NEWSWORLD;
			productName = NEWSWORLD;
			productReference = 13B07F961A680F5B00A75B9A /* NEWSWORLD.app */;
			productType = "com.apple.product-type.application";
		};
/* End PBXNativeTarget section */

/* Begin PBXProject section */
		83CBB9F71A601CBA00E9B192 /* Project object */ = {
			isa = PBXProject;
			attributes = {
				LastUpgradeCheck = 1130;
				TargetAttributes = {
					13B07F861A680F5B00A75B9A = {
						LastSwiftMigration = 1250;
					};
				};
			};
			buildConfigurationList = 83CBB9FA1A601CBA00E9B192 /* Build configuration list for PBXProject "NEWSWORLD" */;
			compatibilityVersion = "Xcode 3.2";
			developmentRegion = en;
			hasScannedForEncodings = 0;
			knownRegions = (
				en,
				Base,
			);
			mainGroup = 83CBB9F61A601CBA00E9B192;
			productRefGroup = 83CBBA001A601CBA00E9B192 /* Products */;
			projectDirPath = "";
			projectRoot = "";
			targets = (
				13B07F861A680F5B00A75B9A /* NEWSWORLD */,
			);
		};
/* End PBXProject section */

/* Begin PBXResourcesBuildPhase section */
		13B07F8E1A680F5B00A75B9A /* Resources */ = {
			isa = PBXResourcesBuildPhase;
			buildActionMask = 2147483647;
			files = (
				BB2F792D24A3F905000567C9 /* Expo.plist in Resources */,
				13B07FBF1A68108700A75B9A /* Images.xcassets in Resources */,
				3E461D99554A48A4959DE609 /* SplashScreen.storyboard in Resources */,
				CE31F606CFDC40919F70AE80 /* CabinetGrotesk-Black.otf in Resources */,
				F7A5AA4A0E794529AE012205 /* CabinetGrotesk-Bold.otf in Resources */,
				4F54CB9E0CD74714B351DBFF /* CabinetGrotesk-Extrabold.otf in Resources */,
				8500D878703E46A48BB7681C /* CabinetGrotesk-Extralight.otf in Resources */,
				091EDCB0CE6E48E488751D42 /* CabinetGrotesk-Light.otf in Resources */,
				25AB1CA4FE07412E966F7481 /* CabinetGrotesk-Medium.otf in Resources */,
				CF6520258E4049E68C506116 /* CabinetGrotesk-Regular.otf in Resources */,
				39B56CD51E8943C9947CA401 /* CabinetGrotesk-Thin.otf in Resources */,
				399925F9FD894C6C8B42598A /* CabinetGrotesk-Variable.ttf in Resources */,
				A588DCF0022C4BA58F4AFE3A /* Montserrat-Black.otf in Resources */,
				E891A208A48F4C299383FC8E /* Montserrat-BlackItalic.otf in Resources */,
				1CB8A0B1B9B14BA6B41C9D5B /* Montserrat-Bold.otf in Resources */,
				6BFC734DE8C7440095D033E7 /* Montserrat-BoldItalic.otf in Resources */,
				D5699CB95C8041AA8BA5D888 /* Montserrat-ExtraBold.otf in Resources */,
				1A0153C274A542EFABD57FAD /* Montserrat-ExtraBoldItalic.otf in Resources */,
				E43AF610512D46BAB390D680 /* Montserrat-ExtraLight.otf in Resources */,
				E1C4796387F34F728418E954 /* Montserrat-ExtraLightItalic.otf in Resources */,
				31DC5B276DF549A69EBD4537 /* Montserrat-Italic.otf in Resources */,
				FDEF7FD0AA2E44E9AB3FFF5C /* Montserrat-Light.otf in Resources */,
				E1CA04BE290E42618CF79D0F /* Montserrat-LightItalic.otf in Resources */,
				124D886FF69940D1B368343B /* Montserrat-Medium.otf in Resources */,
				29A79A4CA8E344C6B6D6A832 /* Montserrat-MediumItalic.otf in Resources */,
				1072D4054D6744168B2403BE /* Montserrat-Regular.otf in Resources */,
				C440D51DB89E4C37A44CFD0B /* Montserrat-SemiBold.otf in Resources */,
				4F585A999CE14D90BAD75B3C /* Montserrat-SemiBoldItalic.otf in Resources */,
				6E88387856E94633B15B0814 /* Montserrat-Thin.otf in Resources */,
				BFBE483872774F00AAF17395 /* Montserrat-ThinItalic.otf in Resources */,
				686EB973335548C5A7EE727B /* Montserrat-Variable.ttf in Resources */,
				0655323FD6BE4719BBC6B5FF /* Montserrat-VariableItalic.ttf in Resources */,
				82435D3D77F5A3FAD5A1852A /* PrivacyInfo.xcprivacy in Resources */,
			);
			runOnlyForDeploymentPostprocessing = 0;
		};
/* End PBXResourcesBuildPhase section */

/* Begin PBXShellScriptBuildPhase section */
		00DD1BFF1BD5951E006B06BC /* Bundle React Native code and images */ = {
			isa = PBXShellScriptBuildPhase;
			alwaysOutOfDate = 1;
			buildActionMask = 2147483647;
			files = (
			);
			inputPaths = (
			);
			name = "Bundle React Native code and images";
			outputPaths = (
			);
			runOnlyForDeploymentPostprocessing = 0;
			shellPath = /bin/sh;
			shellScript = "if [[ -f \"$PODS_ROOT/../.xcode.env\" ]]; then\n  source \"$PODS_ROOT/../.xcode.env\"\nfi\nif [[ -f \"$PODS_ROOT/../.xcode.env.local\" ]]; then\n  source \"$PODS_ROOT/../.xcode.env.local\"\nfi\n\n# The project root by default is one level up from the ios directory\nexport PROJECT_ROOT=\"$PROJECT_DIR\"/..\n\nif [[ \"$CONFIGURATION\" = *Debug* ]]; then\n  export SKIP_BUNDLING=1\nfi\nif [[ -z \"$ENTRY_FILE\" ]]; then\n  # Set the entry JS file using the bundler's entry resolution.\n  export ENTRY_FILE=\"$(\"$NODE_BINARY\" -e \"require('expo/scripts/resolveAppEntry')\" \"$PROJECT_ROOT\" ios absolute | tail -n 1)\"\nfi\n\nif [[ -z \"$CLI_PATH\" ]]; then\n  # Use Expo CLI\n  export CLI_PATH=\"$(\"$NODE_BINARY\" --print \"require.resolve('@expo/cli', { paths: [require.resolve('expo/package.json')] })\")\"\nfi\nif [[ -z \"$BUNDLE_COMMAND\" ]]; then\n  # Default Expo CLI command for bundling\n  export BUNDLE_COMMAND=\"export:embed\"\nfi\n\n# Source .xcode.env.updates if it exists to allow\n# SKIP_BUNDLING to be unset if needed\nif [[ -f \"$PODS_ROOT/../.xcode.env.updates\" ]]; then\n  source \"$PODS_ROOT/../.xcode.env.updates\"\nfi\n# Source local changes to allow overrides\n# if needed\nif [[ -f \"$PODS_ROOT/../.xcode.env.local\" ]]; then\n  source \"$PODS_ROOT/../.xcode.env.local\"\nfi\n\n`\"$NODE_BINARY\" --print \"require('path').dirname(require.resolve('react-native/package.json')) + '/scripts/react-native-xcode.sh'\"`\n\n";
		};
		08A4A3CD28434E44B6B9DE2E /* [CP] Check Pods Manifest.lock */ = {
			isa = PBXShellScriptBuildPhase;
			buildActionMask = 2147483647;
			files = (
			);
			inputFileListPaths = (
			);
			inputPaths = (
				"${PODS_PODFILE_DIR_PATH}/Podfile.lock",
				"${PODS_ROOT}/Manifest.lock",
			);
			name = "[CP] Check Pods Manifest.lock";
			outputFileListPaths = (
			);
			outputPaths = (
				"$(DERIVED_FILE_DIR)/Pods-NEWSWORLD-checkManifestLockResult.txt",
			);
			runOnlyForDeploymentPostprocessing = 0;
			shellPath = /bin/sh;
			shellScript = "diff \"${PODS_PODFILE_DIR_PATH}/Podfile.lock\" \"${PODS_ROOT}/Manifest.lock\" > /dev/null\nif [ $? != 0 ] ; then\n    # print error to STDERR\n    echo \"error: The sandbox is not in sync with the Podfile.lock. Run 'pod install' or update your CocoaPods installation.\" >&2\n    exit 1\nfi\n# This output is used by Xcode 'outputs' to avoid re-running this script phase.\necho \"SUCCESS\" > \"${SCRIPT_OUTPUT_FILE_0}\"\n";
			showEnvVarsInLog = 0;
		};
		25D47F24DD3C81997D112166 /* [CP] Embed Pods Frameworks */ = {
			isa = PBXShellScriptBuildPhase;
			buildActionMask = 2147483647;
			files = (
			);
			inputPaths = (
				"${PODS_ROOT}/Target Support Files/Pods-NEWSWORLD/Pods-NEWSWORLD-frameworks.sh",
				"${PODS_XCFRAMEWORKS_BUILD_DIR}/hermes-engine/Pre-built/hermes.framework/hermes",
			);
			name = "[CP] Embed Pods Frameworks";
			outputPaths = (
				"${TARGET_BUILD_DIR}/${FRAMEWORKS_FOLDER_PATH}/hermes.framework",
			);
			runOnlyForDeploymentPostprocessing = 0;
			shellPath = /bin/sh;
			shellScript = "\"${PODS_ROOT}/Target Support Files/Pods-NEWSWORLD/Pods-NEWSWORLD-frameworks.sh\"\n";
			showEnvVarsInLog = 0;
		};
		800E24972A6A228C8D4807E9 /* [CP] Copy Pods Resources */ = {
			isa = PBXShellScriptBuildPhase;
			buildActionMask = 2147483647;
			files = (
			);
			inputPaths = (
				"${PODS_ROOT}/Target Support Files/Pods-NEWSWORLD/Pods-NEWSWORLD-resources.sh",
				"${PODS_CONFIGURATION_BUILD_DIR}/EXApplication/ExpoApplication_privacy.bundle",
				"${PODS_CONFIGURATION_BUILD_DIR}/EXConstants/EXConstants.bundle",
				"${PODS_CONFIGURATION_BUILD_DIR}/EXConstants/ExpoConstants_privacy.bundle",
				"${PODS_CONFIGURATION_BUILD_DIR}/EXNotifications/ExpoNotifications_privacy.bundle",
				"${PODS_CONFIGURATION_BUILD_DIR}/ExpoDevice/ExpoDevice_privacy.bundle",
				"${PODS_CONFIGURATION_BUILD_DIR}/ExpoFileSystem/ExpoFileSystem_privacy.bundle",
				"${PODS_CONFIGURATION_BUILD_DIR}/ExpoSystemUI/ExpoSystemUI_privacy.bundle",
				"${PODS_CONFIGURATION_BUILD_DIR}/RCT-Folly/RCT-Folly_privacy.bundle",
				"${PODS_CONFIGURATION_BUILD_DIR}/RNCAsyncStorage/RNCAsyncStorage_resources.bundle",
				"${PODS_CONFIGURATION_BUILD_DIR}/React-Core/React-Core_privacy.bundle",
				"${PODS_CONFIGURATION_BUILD_DIR}/React-cxxreact/React-cxxreact_privacy.bundle",
				"${PODS_CONFIGURATION_BUILD_DIR}/SDWebImage/SDWebImage.bundle",
				"${PODS_CONFIGURATION_BUILD_DIR}/boost/boost_privacy.bundle",
				"${PODS_CONFIGURATION_BUILD_DIR}/expo-dev-launcher/EXDevLauncher.bundle",
				"${PODS_CONFIGURATION_BUILD_DIR}/expo-dev-menu/EXDevMenu.bundle",
				"${PODS_CONFIGURATION_BUILD_DIR}/glog/glog_privacy.bundle",
			);
			name = "[CP] Copy Pods Resources";
			outputPaths = (
				"${TARGET_BUILD_DIR}/${UNLOCALIZED_RESOURCES_FOLDER_PATH}/ExpoApplication_privacy.bundle",
				"${TARGET_BUILD_DIR}/${UNLOCALIZED_RESOURCES_FOLDER_PATH}/EXConstants.bundle",
				"${TARGET_BUILD_DIR}/${UNLOCALIZED_RESOURCES_FOLDER_PATH}/ExpoConstants_privacy.bundle",
				"${TARGET_BUILD_DIR}/${UNLOCALIZED_RESOURCES_FOLDER_PATH}/ExpoNotifications_privacy.bundle",
				"${TARGET_BUILD_DIR}/${UNLOCALIZED_RESOURCES_FOLDER_PATH}/ExpoDevice_privacy.bundle",
				"${TARGET_BUILD_DIR}/${UNLOCALIZED_RESOURCES_FOLDER_PATH}/ExpoFileSystem_privacy.bundle",
				"${TARGET_BUILD_DIR}/${UNLOCALIZED_RESOURCES_FOLDER_PATH}/ExpoSystemUI_privacy.bundle",
				"${TARGET_BUILD_DIR}/${UNLOCALIZED_RESOURCES_FOLDER_PATH}/RCT-Folly_privacy.bundle",
				"${TARGET_BUILD_DIR}/${UNLOCALIZED_RESOURCES_FOLDER_PATH}/RNCAsyncStorage_resources.bundle",
				"${TARGET_BUILD_DIR}/${UNLOCALIZED_RESOURCES_FOLDER_PATH}/React-Core_privacy.bundle",
				"${TARGET_BUILD_DIR}/${UNLOCALIZED_RESOURCES_FOLDER_PATH}/React-cxxreact_privacy.bundle",
				"${TARGET_BUILD_DIR}/${UNLOCALIZED_RESOURCES_FOLDER_PATH}/SDWebImage.bundle",
				"${TARGET_BUILD_DIR}/${UNLOCALIZED_RESOURCES_FOLDER_PATH}/boost_privacy.bundle",
				"${TARGET_BUILD_DIR}/${UNLOCALIZED_RESOURCES_FOLDER_PATH}/EXDevLauncher.bundle",
				"${TARGET_BUILD_DIR}/${UNLOCALIZED_RESOURCES_FOLDER_PATH}/EXDevMenu.bundle",
				"${TARGET_BUILD_DIR}/${UNLOCALIZED_RESOURCES_FOLDER_PATH}/glog_privacy.bundle",
			);
			runOnlyForDeploymentPostprocessing = 0;
			shellPath = /bin/sh;
			shellScript = "\"${PODS_ROOT}/Target Support Files/Pods-NEWSWORLD/Pods-NEWSWORLD-resources.sh\"\n";
			showEnvVarsInLog = 0;
		};
		C9C5177CD815C2DEFBDE869C /* [Expo] Configure project */ = {
			isa = PBXShellScriptBuildPhase;
			alwaysOutOfDate = 1;
			buildActionMask = 2147483647;
			files = (
			);
			inputFileListPaths = (
			);
			inputPaths = (
			);
			name = "[Expo] Configure project";
			outputFileListPaths = (
			);
			outputPaths = (
			);
			runOnlyForDeploymentPostprocessing = 0;
			shellPath = /bin/sh;
			shellScript = "# This script configures Expo modules and generates the modules provider file.\nbash -l -c \"./Pods/Target\\ Support\\ Files/Pods-NEWSWORLD/expo-configure-project.sh\"\n";
		};
/* End PBXShellScriptBuildPhase section */

/* Begin PBXSourcesBuildPhase section */
		13B07F871A680F5B00A75B9A /* Sources */ = {
			isa = PBXSourcesBuildPhase;
			buildActionMask = 2147483647;
			files = (
				F11748422D0307B40044C1D9 /* AppDelegate.swift in Sources */,
				A1473C8AD46CF2A6488A672B /* ExpoModulesProvider.swift in Sources */,
			);
			runOnlyForDeploymentPostprocessing = 0;
		};
/* End PBXSourcesBuildPhase section */

/* Begin XCBuildConfiguration section */
		13B07F941A680F5B00A75B9A /* Debug */ = {
			isa = XCBuildConfiguration;
			baseConfigurationReference = F69615DFE050CC5A676890D8 /* Pods-NEWSWORLD.debug.xcconfig */;
			buildSettings = {
				ASSETCATALOG_COMPILER_APPICON_NAME = AppIcon;
				CLANG_ENABLE_MODULES = YES;
				CODE_SIGN_ENTITLEMENTS = NEWSWORLD/NEWSWORLD.entitlements;
				CURRENT_PROJECT_VERSION = 1;
				ENABLE_BITCODE = NO;
				GCC_PREPROCESSOR_DEFINITIONS = (
					"$(inherited)",
					"FB_SONARKIT_ENABLED=1",
				);
				INFOPLIST_FILE = NEWSWORLD/Info.plist;
				IPHONEOS_DEPLOYMENT_TARGET = 15.1;
				LD_RUNPATH_SEARCH_PATHS = (
					"$(inherited)",
					"@executable_path/Frameworks",
				);
				MARKETING_VERSION = 1.0;
				OTHER_LDFLAGS = (
					"$(inherited)",
					"-ObjC",
					"-lc++",
				);
				OTHER_SWIFT_FLAGS = "$(inherited) -D EXPO_CONFIGURATION_DEBUG";
				PRODUCT_BUNDLE_IDENTIFIER = com.joshcodes.newslite;
				PRODUCT_NAME = NEWSWORLD;
				SWIFT_OBJC_BRIDGING_HEADER = "NEWSWORLD/NEWSWORLD-Bridging-Header.h";
				SWIFT_OPTIMIZATION_LEVEL = "-Onone";
				SWIFT_VERSION = 5.0;
				TARGETED_DEVICE_FAMILY = "1,2";
				VERSIONING_SYSTEM = "apple-generic";
			};
			name = Debug;
		};
		13B07F951A680F5B00A75B9A /* Release */ = {
			isa = XCBuildConfiguration;
			baseConfigurationReference = B07110051C1E0B6C0D23D41C /* Pods-NEWSWORLD.release.xcconfig */;
			buildSettings = {
				ASSETCATALOG_COMPILER_APPICON_NAME = AppIcon;
				CLANG_ENABLE_MODULES = YES;
				CODE_SIGN_ENTITLEMENTS = NEWSWORLD/NEWSWORLD.entitlements;
				CURRENT_PROJECT_VERSION = 1;
				INFOPLIST_FILE = NEWSWORLD/Info.plist;
				IPHONEOS_DEPLOYMENT_TARGET = 15.1;
				LD_RUNPATH_SEARCH_PATHS = (
					"$(inherited)",
					"@executable_path/Frameworks",
				);
				MARKETING_VERSION = 1.0;
				OTHER_LDFLAGS = (
					"$(inherited)",
					"-ObjC",
					"-lc++",
				);
				OTHER_SWIFT_FLAGS = "$(inherited) -D EXPO_CONFIGURATION_RELEASE";
				PRODUCT_BUNDLE_IDENTIFIER = com.joshcodes.newslite;
				PRODUCT_NAME = NEWSWORLD;
				SWIFT_OBJC_BRIDGING_HEADER = "NEWSWORLD/NEWSWORLD-Bridging-Header.h";
				SWIFT_VERSION = 5.0;
				TARGETED_DEVICE_FAMILY = "1,2";
				VERSIONING_SYSTEM = "apple-generic";
			};
			name = Release;
		};
		83CBBA201A601CBA00E9B192 /* Debug */ = {
			isa = XCBuildConfiguration;
			buildSettings = {
				ALWAYS_SEARCH_USER_PATHS = NO;
				CLANG_ANALYZER_LOCALIZABILITY_NONLOCALIZED = YES;
				CLANG_CXX_LANGUAGE_STANDARD = "c++20";
				CLANG_CXX_LIBRARY = "libc++";
				CLANG_ENABLE_MODULES = YES;
				CLANG_ENABLE_OBJC_ARC = YES;
				CLANG_WARN_BLOCK_CAPTURE_AUTORELEASING = YES;
				CLANG_WARN_BOOL_CONVERSION = YES;
				CLANG_WARN_COMMA = YES;
				CLANG_WARN_CONSTANT_CONVERSION = YES;
				CLANG_WARN_DEPRECATED_OBJC_IMPLEMENTATIONS = YES;
				CLANG_WARN_DIRECT_OBJC_ISA_USAGE = YES_ERROR;
				CLANG_WARN_EMPTY_BODY = YES;
				CLANG_WARN_ENUM_CONVERSION = YES;
				CLANG_WARN_INFINITE_RECURSION = YES;
				CLANG_WARN_INT_CONVERSION = YES;
				CLANG_WARN_NON_LITERAL_NULL_CONVERSION = YES;
				CLANG_WARN_OBJC_IMPLICIT_RETAIN_SELF = YES;
				CLANG_WARN_OBJC_LITERAL_CONVERSION = YES;
				CLANG_WARN_OBJC_ROOT_CLASS = YES_ERROR;
				CLANG_WARN_RANGE_LOOP_ANALYSIS = YES;
				CLANG_WARN_STRICT_PROTOTYPES = YES;
				CLANG_WARN_SUSPICIOUS_MOVE = YES;
				CLANG_WARN_UNREACHABLE_CODE = YES;
				CLANG_WARN__DUPLICATE_METHOD_MATCH = YES;
				"CODE_SIGN_IDENTITY[sdk=iphoneos*]" = "iPhone Developer";
				COPY_PHASE_STRIP = NO;
				ENABLE_STRICT_OBJC_MSGSEND = YES;
				ENABLE_TESTABILITY = YES;
				GCC_C_LANGUAGE_STANDARD = gnu99;
				GCC_DYNAMIC_NO_PIC = NO;
				GCC_NO_COMMON_BLOCKS = YES;
				GCC_OPTIMIZATION_LEVEL = 0;
				GCC_PREPROCESSOR_DEFINITIONS = (
					"DEBUG=1",
					"$(inherited)",
				);
				GCC_SYMBOLS_PRIVATE_EXTERN = NO;
				GCC_WARN_64_TO_32_BIT_CONVERSION = YES;
				GCC_WARN_ABOUT_RETURN_TYPE = YES_ERROR;
				GCC_WARN_UNDECLARED_SELECTOR = YES;
				GCC_WARN_UNINITIALIZED_AUTOS = YES_AGGRESSIVE;
				GCC_WARN_UNUSED_FUNCTION = YES;
				GCC_WARN_UNUSED_VARIABLE = YES;
				IPHONEOS_DEPLOYMENT_TARGET = 15.1;
				LD_RUNPATH_SEARCH_PATHS = (
					/usr/lib/swift,
					"$(inherited)",
				);
				LIBRARY_SEARCH_PATHS = "$(SDKROOT)/usr/lib/swift\"$(inherited)\"";
				MTL_ENABLE_DEBUG_INFO = YES;
				ONLY_ACTIVE_ARCH = YES;
				OTHER_LDFLAGS = (
					"$(inherited)",
					" ",
				);
				REACT_NATIVE_PATH = "${PODS_ROOT}/../../node_modules/react-native";
				SDKROOT = iphoneos;
				SWIFT_ACTIVE_COMPILATION_CONDITIONS = "$(inherited) DEBUG";
				USE_HERMES = true;
			};
			name = Debug;
		};
		83CBBA211A601CBA00E9B192 /* Release */ = {
			isa = XCBuildConfiguration;
			buildSettings = {
				ALWAYS_SEARCH_USER_PATHS = NO;
				CLANG_ANALYZER_LOCALIZABILITY_NONLOCALIZED = YES;
				CLANG_CXX_LANGUAGE_STANDARD = "c++20";
				CLANG_CXX_LIBRARY = "libc++";
				CLANG_ENABLE_MODULES = YES;
				CLANG_ENABLE_OBJC_ARC = YES;
				CLANG_WARN_BLOCK_CAPTURE_AUTORELEASING = YES;
				CLANG_WARN_BOOL_CONVERSION = YES;
				CLANG_WARN_COMMA = YES;
				CLANG_WARN_CONSTANT_CONVERSION = YES;
				CLANG_WARN_DEPRECATED_OBJC_IMPLEMENTATIONS = YES;
				CLANG_WARN_DIRECT_OBJC_ISA_USAGE = YES_ERROR;
				CLANG_WARN_EMPTY_BODY = YES;
				CLANG_WARN_ENUM_CONVERSION = YES;
				CLANG_WARN_INFINITE_RECURSION = YES;
				CLANG_WARN_INT_CONVERSION = YES;
				CLANG_WARN_NON_LITERAL_NULL_CONVERSION = YES;
				CLANG_WARN_OBJC_IMPLICIT_RETAIN_SELF = YES;
				CLANG_WARN_OBJC_LITERAL_CONVERSION = YES;
				CLANG_WARN_OBJC_ROOT_CLASS = YES_ERROR;
				CLANG_WARN_RANGE_LOOP_ANALYSIS = YES;
				CLANG_WARN_STRICT_PROTOTYPES = YES;
				CLANG_WARN_SUSPICIOUS_MOVE = YES;
				CLANG_WARN_UNREACHABLE_CODE = YES;
				CLANG_WARN__DUPLICATE_METHOD_MATCH = YES;
				"CODE_SIGN_IDENTITY[sdk=iphoneos*]" = "iPhone Developer";
				COPY_PHASE_STRIP = YES;
				ENABLE_NS_ASSERTIONS = NO;
				ENABLE_STRICT_OBJC_MSGSEND = YES;
				GCC_C_LANGUAGE_STANDARD = gnu99;
				GCC_NO_COMMON_BLOCKS = YES;
				GCC_WARN_64_TO_32_BIT_CONVERSION = YES;
				GCC_WARN_ABOUT_RETURN_TYPE = YES_ERROR;
				GCC_WARN_UNDECLARED_SELECTOR = YES;
				GCC_WARN_UNINITIALIZED_AUTOS = YES_AGGRESSIVE;
				GCC_WARN_UNUSED_FUNCTION = YES;
				GCC_WARN_UNUSED_VARIABLE = YES;
				IPHONEOS_DEPLOYMENT_TARGET = 15.1;
				LD_RUNPATH_SEARCH_PATHS = (
					/usr/lib/swift,
					"$(inherited)",
				);
				LIBRARY_SEARCH_PATHS = "$(SDKROOT)/usr/lib/swift\"$(inherited)\"";
				MTL_ENABLE_DEBUG_INFO = NO;
				OTHER_LDFLAGS = (
					"$(inherited)",
					" ",
				);
				REACT_NATIVE_PATH = "${PODS_ROOT}/../../node_modules/react-native";
				SDKROOT = iphoneos;
				USE_HERMES = true;
				VALIDATE_PRODUCT = YES;
			};
			name = Release;
		};
/* End XCBuildConfiguration section */

/* Begin XCConfigurationList section */
		13B07F931A680F5B00A75B9A /* Build configuration list for PBXNativeTarget "NEWSWORLD" */ = {
			isa = XCConfigurationList;
			buildConfigurations = (
				13B07F941A680F5B00A75B9A /* Debug */,
				13B07F951A680F5B00A75B9A /* Release */,
			);
			defaultConfigurationIsVisible = 0;
			defaultConfigurationName = Release;
		};
		83CBB9FA1A601CBA00E9B192 /* Build configuration list for PBXProject "NEWSWORLD" */ = {
			isa = XCConfigurationList;
			buildConfigurations = (
				83CBBA201A601CBA00E9B192 /* Debug */,
				83CBBA211A601CBA00E9B192 /* Release */,
			);
			defaultConfigurationIsVisible = 0;
			defaultConfigurationName = Release;
		};
/* End XCConfigurationList section */
	};
	rootObject = 83CBB9F71A601CBA00E9B192 /* Project object */;
}
